
Microsoft Visual Studio Solution File, Format Version 12.00
# Visual Studio Version 16
VisualStudioVersion = 16.0.30002.166
MinimumVisualStudioVersion = 10.0.40219.1
Project("{FAE04EC0-301F-11D3-BF4B-00C04F79EFBC}") = "01. Data Types", "01. Data Types\01. Data Types.csproj", "{EAEA5CB3-2932-444A-ADEB-6B9B417323D8}"
EndProject
Project("{FAE04EC0-301F-11D3-BF4B-00C04F79EFBC}") = "02. Center Point", "02. Center Point\02. Center Point.csproj", "{55313855-718A-4CDE-A820-8525A80E3EB5}"
EndProject
Project("{FAE04EC0-301F-11D3-BF4B-00C04F79EFBC}") = "03. Longer Line", "03. Longer Line\03. Longer Line.csproj", "{0E63DEC1-78BF-4221-913B-E602C258D6B5}"
EndProject
Project("{FAE04EC0-301F-11D3-BF4B-00C04F79EFBC}") = "04. Tribonacci Sequence", "04. Tribonacci Sequence\04. Tribonacci Sequence.csproj", "{1213CDDB-F078-40E1-BF94-A5BD2AF45C0D}"
EndProject
Project("{FAE04EC0-301F-11D3-BF4B-00C04F79EFBC}") = "05. Multiplication Sign", "05. Multiplication Sign\05. Multiplication Sign.csproj", "{DCCB653F-3F4C-40E8-A076-766B7773BF0A}"
EndProject
Global
	GlobalSection(SolutionConfigurationPlatforms) = preSolution
		Debug|Any CPU = Debug|Any CPU
		Release|Any CPU = Release|Any CPU
	EndGlobalSection
	GlobalSection(ProjectConfigurationPlatforms) = postSolution
		{EAEA5CB3-2932-444A-ADEB-6B9B417323D8}.Debug|Any CPU.ActiveCfg = Debug|Any CPU
		{EAEA5CB3-2932-444A-ADEB-6B9B417323D8}.Debug|Any CPU.Build.0 = Debug|Any CPU
		{EAEA5CB3-2932-444A-ADEB-6B9B417323D8}.Release|Any CPU.ActiveCfg = Release|Any CPU
		{EAEA5CB3-2932-444A-ADEB-6B9B417323D8}.Release|Any CPU.Build.0 = Release|Any CPU
		{55313855-718A-4CDE-A820-8525A80E3EB5}.Debug|Any CPU.ActiveCfg = Debug|Any CPU
		{55313855-718A-4CDE-A820-8525A80E3EB5}.Debug|Any CPU.Build.0 = Debug|Any CPU
		{55313855-718A-4CDE-A820-8525A80E3EB5}.Release|Any CPU.ActiveCfg = Release|Any CPU
		{55313855-718A-4CDE-A820-8525A80E3EB5}.Release|Any CPU.Build.0 = Release|Any CPU
		{0E63DEC1-78BF-4221-913B-E602C258D6B5}.Debug|Any CPU.ActiveCfg = Debug|Any CPU
		{0E63DEC1-78BF-4221-913B-E602C258D6B5}.Debug|Any CPU.Build.0 = Debug|Any CPU
		{0E63DEC1-78BF-4221-913B-E602C258D6B5}.Release|Any CPU.ActiveCfg = Release|Any CPU
		{0E63DEC1-78BF-4221-913B-E602C258D6B5}.Release|Any CPU.Build.0 = Release|Any CPU
		{1213CDDB-F078-40E1-BF94-A5BD2AF45C0D}.Debug|Any CPU.ActiveCfg = Debug|Any CPU
		{1213CDDB-F078-40E1-BF94-A5BD2AF45C0D}.Debug|Any CPU.Build.0 = Debug|Any CPU
		{1213CDDB-F078-40E1-BF94-A5BD2AF45C0D}.Release|Any CPU.ActiveCfg = Release|Any CPU
		{1213CDDB-F078-40E1-BF94-A5BD2AF45C0D}.Release|Any CPU.Build.0 = Release|Any CPU
		{DCCB653F-3F4C-40E8-A076-766B7773BF0A}.Debug|Any CPU.ActiveCfg = Debug|Any CPU
		{DCCB653F-3F4C-40E8-A076-766B7773BF0A}.Debug|Any CPU.Build.0 = Debug|Any CPU
		{DCCB653F-3F4C-40E8-A076-766B7773BF0A}.Release|Any CPU.ActiveCfg = Release|Any CPU
		{DCCB653F-3F4C-40E8-A076-766B7773BF0A}.Release|Any CPU.Build.0 = Release|Any CPU
	EndGlobalSection
	GlobalSection(SolutionProperties) = preSolution
		HideSolutionNode = FALSE
	EndGlobalSection
	GlobalSection(ExtensibilityGlobals) = postSolution
		SolutionGuid = {BC057730-604F-40C5-8482-DB32A243C922}
	EndGlobalSection
EndGlobal
