
Microsoft Visual Studio Solution File, Format Version 12.00
# Visual Studio Version 16
VisualStudioVersion = 16.0.30406.217
MinimumVisualStudioVersion = 10.0.40219.1
Project("{FAE04EC0-301F-11D3-BF4B-00C04F79EFBC}") = "01. Action Print", "01. Action Print\01. Action Print.csproj", "{4F7C25F1-41C7-4F8F-9515-DD19EF1D8AF7}"
EndProject
Project("{FAE04EC0-301F-11D3-BF4B-00C04F79EFBC}") = "02. Knights of Honor", "02. Knights of Honor\02. Knights of Honor.csproj", "{A7B43425-8AA4-4258-A03C-58823737B8DC}"
EndProject
Project("{FAE04EC0-301F-11D3-BF4B-00C04F79EFBC}") = "03. Custom Min Function", "03. Custom Min Function\03. Custom Min Function.csproj", "{BD334B1D-63EE-4B1D-9E6A-0D1E03262D7B}"
EndProject
Project("{FAE04EC0-301F-11D3-BF4B-00C04F79EFBC}") = "04. Find Evens or Odds", "04. Find Evens or Odds\04. Find Evens or Odds.csproj", "{C0132F53-E367-4E25-82B0-B1DAD0B94ADC}"
EndProject
Project("{FAE04EC0-301F-11D3-BF4B-00C04F79EFBC}") = "05. Applied Arithmetics", "05. Applied Arithmetics\05. Applied Arithmetics.csproj", "{94008597-F92E-4F81-B9FC-8396B3FA81D1}"
EndProject
Project("{FAE04EC0-301F-11D3-BF4B-00C04F79EFBC}") = "06. Reverse And Exclude", "06. Reverse And Exclude\06. Reverse And Exclude.csproj", "{C19EAEB5-3A9E-40F7-8BF9-94719BAE8CCC}"
EndProject
Project("{FAE04EC0-301F-11D3-BF4B-00C04F79EFBC}") = "07. Predicate For Names", "07. Predicate For Names\07. Predicate For Names.csproj", "{3FCFD14A-FA6A-435D-B60B-838FC695048D}"
EndProject
Project("{FAE04EC0-301F-11D3-BF4B-00C04F79EFBC}") = "08. Custom Comparator", "08. Custom Comparator\08. Custom Comparator.csproj", "{1E998B96-5A5C-4346-A5E0-89D0027C7380}"
EndProject
Project("{FAE04EC0-301F-11D3-BF4B-00C04F79EFBC}") = "09. List Of Predicates", "09. List Of Predicates\09. List Of Predicates.csproj", "{DEE447FC-A78C-4759-9EAD-44437BDFCB70}"
EndProject
Project("{FAE04EC0-301F-11D3-BF4B-00C04F79EFBC}") = "10. Predicate Party!", "10. Predicate Party!\10. Predicate Party!.csproj", "{E2704D63-F070-49B9-8F81-722240A228F2}"
EndProject
Project("{FAE04EC0-301F-11D3-BF4B-00C04F79EFBC}") = "11. The Party Reservation Filter Module", "11. The Party Reservation Filter Module\11. The Party Reservation Filter Module.csproj", "{43C977BC-0290-43F9-B424-582B7178EBB7}"
EndProject
Project("{FAE04EC0-301F-11D3-BF4B-00C04F79EFBC}") = "12. TriFunction", "12. TriFunction\12. TriFunction.csproj", "{39C99BFF-65A4-4D94-A3E8-14E16A29D467}"
EndProject
Global
	GlobalSection(SolutionConfigurationPlatforms) = preSolution
		Debug|Any CPU = Debug|Any CPU
		Release|Any CPU = Release|Any CPU
	EndGlobalSection
	GlobalSection(ProjectConfigurationPlatforms) = postSolution
		{4F7C25F1-41C7-4F8F-9515-DD19EF1D8AF7}.Debug|Any CPU.ActiveCfg = Debug|Any CPU
		{4F7C25F1-41C7-4F8F-9515-DD19EF1D8AF7}.Debug|Any CPU.Build.0 = Debug|Any CPU
		{4F7C25F1-41C7-4F8F-9515-DD19EF1D8AF7}.Release|Any CPU.ActiveCfg = Release|Any CPU
		{4F7C25F1-41C7-4F8F-9515-DD19EF1D8AF7}.Release|Any CPU.Build.0 = Release|Any CPU
		{A7B43425-8AA4-4258-A03C-58823737B8DC}.Debug|Any CPU.ActiveCfg = Debug|Any CPU
		{A7B43425-8AA4-4258-A03C-58823737B8DC}.Debug|Any CPU.Build.0 = Debug|Any CPU
		{A7B43425-8AA4-4258-A03C-58823737B8DC}.Release|Any CPU.ActiveCfg = Release|Any CPU
		{A7B43425-8AA4-4258-A03C-58823737B8DC}.Release|Any CPU.Build.0 = Release|Any CPU
		{BD334B1D-63EE-4B1D-9E6A-0D1E03262D7B}.Debug|Any CPU.ActiveCfg = Debug|Any CPU
		{BD334B1D-63EE-4B1D-9E6A-0D1E03262D7B}.Debug|Any CPU.Build.0 = Debug|Any CPU
		{BD334B1D-63EE-4B1D-9E6A-0D1E03262D7B}.Release|Any CPU.ActiveCfg = Release|Any CPU
		{BD334B1D-63EE-4B1D-9E6A-0D1E03262D7B}.Release|Any CPU.Build.0 = Release|Any CPU
		{C0132F53-E367-4E25-82B0-B1DAD0B94ADC}.Debug|Any CPU.ActiveCfg = Debug|Any CPU
		{C0132F53-E367-4E25-82B0-B1DAD0B94ADC}.Debug|Any CPU.Build.0 = Debug|Any CPU
		{C0132F53-E367-4E25-82B0-B1DAD0B94ADC}.Release|Any CPU.ActiveCfg = Release|Any CPU
		{C0132F53-E367-4E25-82B0-B1DAD0B94ADC}.Release|Any CPU.Build.0 = Release|Any CPU
		{94008597-F92E-4F81-B9FC-8396B3FA81D1}.Debug|Any CPU.ActiveCfg = Debug|Any CPU
		{94008597-F92E-4F81-B9FC-8396B3FA81D1}.Debug|Any CPU.Build.0 = Debug|Any CPU
		{94008597-F92E-4F81-B9FC-8396B3FA81D1}.Release|Any CPU.ActiveCfg = Release|Any CPU
		{94008597-F92E-4F81-B9FC-8396B3FA81D1}.Release|Any CPU.Build.0 = Release|Any CPU
		{C19EAEB5-3A9E-40F7-8BF9-94719BAE8CCC}.Debug|Any CPU.ActiveCfg = Debug|Any CPU
		{C19EAEB5-3A9E-40F7-8BF9-94719BAE8CCC}.Debug|Any CPU.Build.0 = Debug|Any CPU
		{C19EAEB5-3A9E-40F7-8BF9-94719BAE8CCC}.Release|Any CPU.ActiveCfg = Release|Any CPU
		{C19EAEB5-3A9E-40F7-8BF9-94719BAE8CCC}.Release|Any CPU.Build.0 = Release|Any CPU
		{3FCFD14A-FA6A-435D-B60B-838FC695048D}.Debug|Any CPU.ActiveCfg = Debug|Any CPU
		{3FCFD14A-FA6A-435D-B60B-838FC695048D}.Debug|Any CPU.Build.0 = Debug|Any CPU
		{3FCFD14A-FA6A-435D-B60B-838FC695048D}.Release|Any CPU.ActiveCfg = Release|Any CPU
		{3FCFD14A-FA6A-435D-B60B-838FC695048D}.Release|Any CPU.Build.0 = Release|Any CPU
		{1E998B96-5A5C-4346-A5E0-89D0027C7380}.Debug|Any CPU.ActiveCfg = Debug|Any CPU
		{1E998B96-5A5C-4346-A5E0-89D0027C7380}.Debug|Any CPU.Build.0 = Debug|Any CPU
		{1E998B96-5A5C-4346-A5E0-89D0027C7380}.Release|Any CPU.ActiveCfg = Release|Any CPU
		{1E998B96-5A5C-4346-A5E0-89D0027C7380}.Release|Any CPU.Build.0 = Release|Any CPU
		{DEE447FC-A78C-4759-9EAD-44437BDFCB70}.Debug|Any CPU.ActiveCfg = Debug|Any CPU
		{DEE447FC-A78C-4759-9EAD-44437BDFCB70}.Debug|Any CPU.Build.0 = Debug|Any CPU
		{DEE447FC-A78C-4759-9EAD-44437BDFCB70}.Release|Any CPU.ActiveCfg = Release|Any CPU
		{DEE447FC-A78C-4759-9EAD-44437BDFCB70}.Release|Any CPU.Build.0 = Release|Any CPU
		{E2704D63-F070-49B9-8F81-722240A228F2}.Debug|Any CPU.ActiveCfg = Debug|Any CPU
		{E2704D63-F070-49B9-8F81-722240A228F2}.Debug|Any CPU.Build.0 = Debug|Any CPU
		{E2704D63-F070-49B9-8F81-722240A228F2}.Release|Any CPU.ActiveCfg = Release|Any CPU
		{E2704D63-F070-49B9-8F81-722240A228F2}.Release|Any CPU.Build.0 = Release|Any CPU
		{43C977BC-0290-43F9-B424-582B7178EBB7}.Debug|Any CPU.ActiveCfg = Debug|Any CPU
		{43C977BC-0290-43F9-B424-582B7178EBB7}.Debug|Any CPU.Build.0 = Debug|Any CPU
		{43C977BC-0290-43F9-B424-582B7178EBB7}.Release|Any CPU.ActiveCfg = Release|Any CPU
		{43C977BC-0290-43F9-B424-582B7178EBB7}.Release|Any CPU.Build.0 = Release|Any CPU
		{39C99BFF-65A4-4D94-A3E8-14E16A29D467}.Debug|Any CPU.ActiveCfg = Debug|Any CPU
		{39C99BFF-65A4-4D94-A3E8-14E16A29D467}.Debug|Any CPU.Build.0 = Debug|Any CPU
		{39C99BFF-65A4-4D94-A3E8-14E16A29D467}.Release|Any CPU.ActiveCfg = Release|Any CPU
		{39C99BFF-65A4-4D94-A3E8-14E16A29D467}.Release|Any CPU.Build.0 = Release|Any CPU
	EndGlobalSection
	GlobalSection(SolutionProperties) = preSolution
		HideSolutionNode = FALSE
	EndGlobalSection
	GlobalSection(ExtensibilityGlobals) = postSolution
		SolutionGuid = {A9FFEA7B-CC1E-4F3D-AA55-103025D36AE0}
	EndGlobalSection
EndGlobal
