
Microsoft Visual Studio Solution File, Format Version 12.00
# Visual Studio Version 16
VisualStudioVersion = 16.0.30128.74
MinimumVisualStudioVersion = 10.0.40219.1
Project("{9A19103F-16F7-4668-BE54-9A1E7A4F7556}") = "01. Spring Vacation Trip", "01. Spring Vacation Trip\01. Spring Vacation Trip.csproj", "{8B99A215-7853-423F-AD04-D2EB0B43AA41}"
EndProject
Project("{FAE04EC0-301F-11D3-BF4B-00C04F79EFBC}") = "02. Hello, France", "02. Hello, France\02. Hello, France.csproj", "{CE69D165-90C5-4374-BEF7-61628D23D677}"
EndProject
Project("{FAE04EC0-301F-11D3-BF4B-00C04F79EFBC}") = "03. Last Stop", "03. Last Stop\03. Last Stop.csproj", "{BFA08DB7-7435-49BD-874E-82B7F97351EB}"
EndProject
Global
	GlobalSection(SolutionConfigurationPlatforms) = preSolution
		Debug|Any CPU = Debug|Any CPU
		Release|Any CPU = Release|Any CPU
	EndGlobalSection
	GlobalSection(ProjectConfigurationPlatforms) = postSolution
		{8B99A215-7853-423F-AD04-D2EB0B43AA41}.Debug|Any CPU.ActiveCfg = Debug|Any CPU
		{8B99A215-7853-423F-AD04-D2EB0B43AA41}.Debug|Any CPU.Build.0 = Debug|Any CPU
		{8B99A215-7853-423F-AD04-D2EB0B43AA41}.Release|Any CPU.ActiveCfg = Release|Any CPU
		{8B99A215-7853-423F-AD04-D2EB0B43AA41}.Release|Any CPU.Build.0 = Release|Any CPU
		{CE69D165-90C5-4374-BEF7-61628D23D677}.Debug|Any CPU.ActiveCfg = Debug|Any CPU
		{CE69D165-90C5-4374-BEF7-61628D23D677}.Debug|Any CPU.Build.0 = Debug|Any CPU
		{CE69D165-90C5-4374-BEF7-61628D23D677}.Release|Any CPU.ActiveCfg = Release|Any CPU
		{CE69D165-90C5-4374-BEF7-61628D23D677}.Release|Any CPU.Build.0 = Release|Any CPU
		{BFA08DB7-7435-49BD-874E-82B7F97351EB}.Debug|Any CPU.ActiveCfg = Debug|Any CPU
		{BFA08DB7-7435-49BD-874E-82B7F97351EB}.Debug|Any CPU.Build.0 = Debug|Any CPU
		{BFA08DB7-7435-49BD-874E-82B7F97351EB}.Release|Any CPU.ActiveCfg = Release|Any CPU
		{BFA08DB7-7435-49BD-874E-82B7F97351EB}.Release|Any CPU.Build.0 = Release|Any CPU
	EndGlobalSection
	GlobalSection(SolutionProperties) = preSolution
		HideSolutionNode = FALSE
	EndGlobalSection
	GlobalSection(ExtensibilityGlobals) = postSolution
		SolutionGuid = {E40B039C-00BF-422E-84B1-97749E73CEFB}
	EndGlobalSection
EndGlobal
