
Microsoft Visual Studio Solution File, Format Version 12.00
# Visual Studio Version 16
VisualStudioVersion = 16.0.30309.148
MinimumVisualStudioVersion = 10.0.40219.1
Project("{9A19103F-16F7-4668-BE54-9A1E7A4F7556}") = "1. Battle Manager", "1. Battle Manager\1. Battle Manager.csproj", "{A9A99E84-B77F-44FB-9ECA-F8018A37B9B0}"
EndProject
Project("{9A19103F-16F7-4668-BE54-9A1E7A4F7556}") = "2. String Manipulator", "2. String Manipulator\2. String Manipulator.csproj", "{01750AD1-1631-48FC-964C-33EA16964C30}"
EndProject
Project("{9A19103F-16F7-4668-BE54-9A1E7A4F7556}") = "3. Message Encrypter", "3. Message Encrypter\3. Message Encrypter.csproj", "{C98CFA54-8215-4A9E-9626-51F1506F6F9E}"
EndProject
Project("{FAE04EC0-301F-11D3-BF4B-00C04F79EFBC}") = "REDO 02. String Manipulator", "REDO 02. String Manipulator\REDO 02. String Manipulator.csproj", "{C1EE77A0-5EAA-442A-A10E-C8F13293D264}"
EndProject
Project("{FAE04EC0-301F-11D3-BF4B-00C04F79EFBC}") = "REDO 3. Message Encrypter", "REDO 3. Message Encrypter\REDO 3. Message Encrypter.csproj", "{E2FF4243-0446-49C0-97CC-53D73D93A13A}"
EndProject
Global
	GlobalSection(SolutionConfigurationPlatforms) = preSolution
		Debug|Any CPU = Debug|Any CPU
		Release|Any CPU = Release|Any CPU
	EndGlobalSection
	GlobalSection(ProjectConfigurationPlatforms) = postSolution
		{A9A99E84-B77F-44FB-9ECA-F8018A37B9B0}.Debug|Any CPU.ActiveCfg = Debug|Any CPU
		{A9A99E84-B77F-44FB-9ECA-F8018A37B9B0}.Debug|Any CPU.Build.0 = Debug|Any CPU
		{A9A99E84-B77F-44FB-9ECA-F8018A37B9B0}.Release|Any CPU.ActiveCfg = Release|Any CPU
		{A9A99E84-B77F-44FB-9ECA-F8018A37B9B0}.Release|Any CPU.Build.0 = Release|Any CPU
		{01750AD1-1631-48FC-964C-33EA16964C30}.Debug|Any CPU.ActiveCfg = Debug|Any CPU
		{01750AD1-1631-48FC-964C-33EA16964C30}.Debug|Any CPU.Build.0 = Debug|Any CPU
		{01750AD1-1631-48FC-964C-33EA16964C30}.Release|Any CPU.ActiveCfg = Release|Any CPU
		{01750AD1-1631-48FC-964C-33EA16964C30}.Release|Any CPU.Build.0 = Release|Any CPU
		{C98CFA54-8215-4A9E-9626-51F1506F6F9E}.Debug|Any CPU.ActiveCfg = Debug|Any CPU
		{C98CFA54-8215-4A9E-9626-51F1506F6F9E}.Debug|Any CPU.Build.0 = Debug|Any CPU
		{C98CFA54-8215-4A9E-9626-51F1506F6F9E}.Release|Any CPU.ActiveCfg = Release|Any CPU
		{C98CFA54-8215-4A9E-9626-51F1506F6F9E}.Release|Any CPU.Build.0 = Release|Any CPU
		{C1EE77A0-5EAA-442A-A10E-C8F13293D264}.Debug|Any CPU.ActiveCfg = Debug|Any CPU
		{C1EE77A0-5EAA-442A-A10E-C8F13293D264}.Debug|Any CPU.Build.0 = Debug|Any CPU
		{C1EE77A0-5EAA-442A-A10E-C8F13293D264}.Release|Any CPU.ActiveCfg = Release|Any CPU
		{C1EE77A0-5EAA-442A-A10E-C8F13293D264}.Release|Any CPU.Build.0 = Release|Any CPU
		{E2FF4243-0446-49C0-97CC-53D73D93A13A}.Debug|Any CPU.ActiveCfg = Debug|Any CPU
		{E2FF4243-0446-49C0-97CC-53D73D93A13A}.Debug|Any CPU.Build.0 = Debug|Any CPU
		{E2FF4243-0446-49C0-97CC-53D73D93A13A}.Release|Any CPU.ActiveCfg = Release|Any CPU
		{E2FF4243-0446-49C0-97CC-53D73D93A13A}.Release|Any CPU.Build.0 = Release|Any CPU
	EndGlobalSection
	GlobalSection(SolutionProperties) = preSolution
		HideSolutionNode = FALSE
	EndGlobalSection
	GlobalSection(ExtensibilityGlobals) = postSolution
		SolutionGuid = {B8A6F5F8-A23B-45C5-925D-A1910F775FE9}
	EndGlobalSection
EndGlobal
