
Microsoft Visual Studio Solution File, Format Version 12.00
# Visual Studio Version 16
VisualStudioVersion = 16.0.30309.148
MinimumVisualStudioVersion = 10.0.40219.1
Project("{9A19103F-16F7-4668-BE54-9A1E7A4F7556}") = "01. P!rates", "01. P!rates\01. P!rates.csproj", "{64C3D009-7B70-45F6-913A-7CF0B9AB421C}"
EndProject
Project("{9A19103F-16F7-4668-BE54-9A1E7A4F7556}") = "02 Activation Keys", "02 Activation Keys\02 Activation Keys.csproj", "{B84FDA89-1A37-4BDD-BA56-1AD74B7C75B1}"
EndProject
Project("{9A19103F-16F7-4668-BE54-9A1E7A4F7556}") = "03. Emoji Detector", "03. Emoji Detector\03. Emoji Detector.csproj", "{97EECD84-2C74-40B7-94FC-C3CBE5271F1C}"
EndProject
Project("{9A19103F-16F7-4668-BE54-9A1E7A4F7556}") = "03.01. Emoji Detector", "03.01. Emoji Detector\03.01. Emoji Detector.csproj", "{12665F61-DB17-40AC-89B1-5F456399FCEF}"
EndProject
Project("{FAE04EC0-301F-11D3-BF4B-00C04F79EFBC}") = "REDO 01. P!rates", "REDO 01. P!rates\REDO 01. P!rates.csproj", "{A70D7DE5-216B-49EA-949B-1EB64B83E70E}"
EndProject
Project("{FAE04EC0-301F-11D3-BF4B-00C04F79EFBC}") = "REDO 02 Activation Keys", "REDO 02 Activation Keys\REDO 02 Activation Keys.csproj", "{CED06A8A-53F8-4D78-83AF-26BCB081897C}"
EndProject
Project("{FAE04EC0-301F-11D3-BF4B-00C04F79EFBC}") = "REDO 03. Emoji Detector", "REDO 03. Emoji Detector\REDO 03. Emoji Detector.csproj", "{C7F0A685-17D2-4F0F-9A64-EACF501BB82C}"
EndProject
Global
	GlobalSection(SolutionConfigurationPlatforms) = preSolution
		Debug|Any CPU = Debug|Any CPU
		Release|Any CPU = Release|Any CPU
	EndGlobalSection
	GlobalSection(ProjectConfigurationPlatforms) = postSolution
		{64C3D009-7B70-45F6-913A-7CF0B9AB421C}.Debug|Any CPU.ActiveCfg = Debug|Any CPU
		{64C3D009-7B70-45F6-913A-7CF0B9AB421C}.Debug|Any CPU.Build.0 = Debug|Any CPU
		{64C3D009-7B70-45F6-913A-7CF0B9AB421C}.Release|Any CPU.ActiveCfg = Release|Any CPU
		{64C3D009-7B70-45F6-913A-7CF0B9AB421C}.Release|Any CPU.Build.0 = Release|Any CPU
		{B84FDA89-1A37-4BDD-BA56-1AD74B7C75B1}.Debug|Any CPU.ActiveCfg = Debug|Any CPU
		{B84FDA89-1A37-4BDD-BA56-1AD74B7C75B1}.Debug|Any CPU.Build.0 = Debug|Any CPU
		{B84FDA89-1A37-4BDD-BA56-1AD74B7C75B1}.Release|Any CPU.ActiveCfg = Release|Any CPU
		{B84FDA89-1A37-4BDD-BA56-1AD74B7C75B1}.Release|Any CPU.Build.0 = Release|Any CPU
		{97EECD84-2C74-40B7-94FC-C3CBE5271F1C}.Debug|Any CPU.ActiveCfg = Debug|Any CPU
		{97EECD84-2C74-40B7-94FC-C3CBE5271F1C}.Debug|Any CPU.Build.0 = Debug|Any CPU
		{97EECD84-2C74-40B7-94FC-C3CBE5271F1C}.Release|Any CPU.ActiveCfg = Release|Any CPU
		{97EECD84-2C74-40B7-94FC-C3CBE5271F1C}.Release|Any CPU.Build.0 = Release|Any CPU
		{12665F61-DB17-40AC-89B1-5F456399FCEF}.Debug|Any CPU.ActiveCfg = Debug|Any CPU
		{12665F61-DB17-40AC-89B1-5F456399FCEF}.Debug|Any CPU.Build.0 = Debug|Any CPU
		{12665F61-DB17-40AC-89B1-5F456399FCEF}.Release|Any CPU.ActiveCfg = Release|Any CPU
		{12665F61-DB17-40AC-89B1-5F456399FCEF}.Release|Any CPU.Build.0 = Release|Any CPU
		{A70D7DE5-216B-49EA-949B-1EB64B83E70E}.Debug|Any CPU.ActiveCfg = Debug|Any CPU
		{A70D7DE5-216B-49EA-949B-1EB64B83E70E}.Debug|Any CPU.Build.0 = Debug|Any CPU
		{A70D7DE5-216B-49EA-949B-1EB64B83E70E}.Release|Any CPU.ActiveCfg = Release|Any CPU
		{A70D7DE5-216B-49EA-949B-1EB64B83E70E}.Release|Any CPU.Build.0 = Release|Any CPU
		{CED06A8A-53F8-4D78-83AF-26BCB081897C}.Debug|Any CPU.ActiveCfg = Debug|Any CPU
		{CED06A8A-53F8-4D78-83AF-26BCB081897C}.Debug|Any CPU.Build.0 = Debug|Any CPU
		{CED06A8A-53F8-4D78-83AF-26BCB081897C}.Release|Any CPU.ActiveCfg = Release|Any CPU
		{CED06A8A-53F8-4D78-83AF-26BCB081897C}.Release|Any CPU.Build.0 = Release|Any CPU
		{C7F0A685-17D2-4F0F-9A64-EACF501BB82C}.Debug|Any CPU.ActiveCfg = Debug|Any CPU
		{C7F0A685-17D2-4F0F-9A64-EACF501BB82C}.Debug|Any CPU.Build.0 = Debug|Any CPU
		{C7F0A685-17D2-4F0F-9A64-EACF501BB82C}.Release|Any CPU.ActiveCfg = Release|Any CPU
		{C7F0A685-17D2-4F0F-9A64-EACF501BB82C}.Release|Any CPU.Build.0 = Release|Any CPU
	EndGlobalSection
	GlobalSection(SolutionProperties) = preSolution
		HideSolutionNode = FALSE
	EndGlobalSection
	GlobalSection(ExtensibilityGlobals) = postSolution
		SolutionGuid = {18C8A646-A352-4A87-971F-1055A8A29CCA}
	EndGlobalSection
EndGlobal
