
Microsoft Visual Studio Solution File, Format Version 12.00
# Visual Studio Version 16
VisualStudioVersion = 16.0.29806.167
MinimumVisualStudioVersion = 10.0.40219.1
Project("{9A19103F-16F7-4668-BE54-9A1E7A4F7556}") = "02. Bricks", "02. Bricks\02. Bricks.csproj", "{156A256B-9E86-457F-9891-D00F27941EF7}"
EndProject
Project("{FAE04EC0-301F-11D3-BF4B-00C04F79EFBC}") = "05. Date after 5 Days", "05. Date after 5 Days\05. Date after 5 Days.csproj", "{B9B6329C-1940-405C-81FC-DB5084CCFB77}"
EndProject
Project("{FAE04EC0-301F-11D3-BF4B-00C04F79EFBC}") = "01. Distance", "01. Distance\01. Distance.csproj", "{9AD458BA-90E9-4337-A26C-360447DC161F}"
EndProject
Project("{FAE04EC0-301F-11D3-BF4B-00C04F79EFBC}") = "02. Change Tiles", "02. Change Tiles\02. Change Tiles.csproj", "{05F17132-EB88-47AF-B4F1-25EFD6AAB3C6}"
EndProject
Project("{FAE04EC0-301F-11D3-BF4B-00C04F79EFBC}") = "04. Grades", "04. Grades\04. Grades.csproj", "{F5DE7EE7-560F-4AE0-B917-49A1C552800D}"
EndProject
Project("{FAE04EC0-301F-11D3-BF4B-00C04F79EFBC}") = "06. Letters Combinations", "06. Letters Combinations\06. Letters Combinations.csproj", "{8CA8BAD0-7576-4A6E-95DF-6AE28E77BE65}"
EndProject
Project("{FAE04EC0-301F-11D3-BF4B-00C04F79EFBC}") = "01. Passion Days", "01. Passion Days\01. Passion Days.csproj", "{6B64DA9A-268B-46DD-BAE0-02220AD4E057}"
EndProject
Project("{FAE04EC0-301F-11D3-BF4B-00C04F79EFBC}") = "test", "test\test.csproj", "{BAADF627-585D-4870-B7B4-4B9CABE839F2}"
EndProject
Global
	GlobalSection(SolutionConfigurationPlatforms) = preSolution
		Debug|Any CPU = Debug|Any CPU
		Release|Any CPU = Release|Any CPU
	EndGlobalSection
	GlobalSection(ProjectConfigurationPlatforms) = postSolution
		{156A256B-9E86-457F-9891-D00F27941EF7}.Debug|Any CPU.ActiveCfg = Debug|Any CPU
		{156A256B-9E86-457F-9891-D00F27941EF7}.Debug|Any CPU.Build.0 = Debug|Any CPU
		{156A256B-9E86-457F-9891-D00F27941EF7}.Release|Any CPU.ActiveCfg = Release|Any CPU
		{156A256B-9E86-457F-9891-D00F27941EF7}.Release|Any CPU.Build.0 = Release|Any CPU
		{B9B6329C-1940-405C-81FC-DB5084CCFB77}.Debug|Any CPU.ActiveCfg = Debug|Any CPU
		{B9B6329C-1940-405C-81FC-DB5084CCFB77}.Debug|Any CPU.Build.0 = Debug|Any CPU
		{B9B6329C-1940-405C-81FC-DB5084CCFB77}.Release|Any CPU.ActiveCfg = Release|Any CPU
		{B9B6329C-1940-405C-81FC-DB5084CCFB77}.Release|Any CPU.Build.0 = Release|Any CPU
		{9AD458BA-90E9-4337-A26C-360447DC161F}.Debug|Any CPU.ActiveCfg = Debug|Any CPU
		{9AD458BA-90E9-4337-A26C-360447DC161F}.Debug|Any CPU.Build.0 = Debug|Any CPU
		{9AD458BA-90E9-4337-A26C-360447DC161F}.Release|Any CPU.ActiveCfg = Release|Any CPU
		{9AD458BA-90E9-4337-A26C-360447DC161F}.Release|Any CPU.Build.0 = Release|Any CPU
		{05F17132-EB88-47AF-B4F1-25EFD6AAB3C6}.Debug|Any CPU.ActiveCfg = Debug|Any CPU
		{05F17132-EB88-47AF-B4F1-25EFD6AAB3C6}.Debug|Any CPU.Build.0 = Debug|Any CPU
		{05F17132-EB88-47AF-B4F1-25EFD6AAB3C6}.Release|Any CPU.ActiveCfg = Release|Any CPU
		{05F17132-EB88-47AF-B4F1-25EFD6AAB3C6}.Release|Any CPU.Build.0 = Release|Any CPU
		{F5DE7EE7-560F-4AE0-B917-49A1C552800D}.Debug|Any CPU.ActiveCfg = Debug|Any CPU
		{F5DE7EE7-560F-4AE0-B917-49A1C552800D}.Debug|Any CPU.Build.0 = Debug|Any CPU
		{F5DE7EE7-560F-4AE0-B917-49A1C552800D}.Release|Any CPU.ActiveCfg = Release|Any CPU
		{F5DE7EE7-560F-4AE0-B917-49A1C552800D}.Release|Any CPU.Build.0 = Release|Any CPU
		{8CA8BAD0-7576-4A6E-95DF-6AE28E77BE65}.Debug|Any CPU.ActiveCfg = Debug|Any CPU
		{8CA8BAD0-7576-4A6E-95DF-6AE28E77BE65}.Debug|Any CPU.Build.0 = Debug|Any CPU
		{8CA8BAD0-7576-4A6E-95DF-6AE28E77BE65}.Release|Any CPU.ActiveCfg = Release|Any CPU
		{8CA8BAD0-7576-4A6E-95DF-6AE28E77BE65}.Release|Any CPU.Build.0 = Release|Any CPU
		{6B64DA9A-268B-46DD-BAE0-02220AD4E057}.Debug|Any CPU.ActiveCfg = Debug|Any CPU
		{6B64DA9A-268B-46DD-BAE0-02220AD4E057}.Debug|Any CPU.Build.0 = Debug|Any CPU
		{6B64DA9A-268B-46DD-BAE0-02220AD4E057}.Release|Any CPU.ActiveCfg = Release|Any CPU
		{6B64DA9A-268B-46DD-BAE0-02220AD4E057}.Release|Any CPU.Build.0 = Release|Any CPU
		{BAADF627-585D-4870-B7B4-4B9CABE839F2}.Debug|Any CPU.ActiveCfg = Debug|Any CPU
		{BAADF627-585D-4870-B7B4-4B9CABE839F2}.Debug|Any CPU.Build.0 = Debug|Any CPU
		{BAADF627-585D-4870-B7B4-4B9CABE839F2}.Release|Any CPU.ActiveCfg = Release|Any CPU
		{BAADF627-585D-4870-B7B4-4B9CABE839F2}.Release|Any CPU.Build.0 = Release|Any CPU
	EndGlobalSection
	GlobalSection(SolutionProperties) = preSolution
		HideSolutionNode = FALSE
	EndGlobalSection
	GlobalSection(ExtensibilityGlobals) = postSolution
		SolutionGuid = {4C1D5278-1973-442B-8F93-96F872B1B43F}
	EndGlobalSection
EndGlobal
