
Microsoft Visual Studio Solution File, Format Version 12.00
# Visual Studio Version 16
VisualStudioVersion = 16.0.29728.190
MinimumVisualStudioVersion = 10.0.40219.1
Project("{9A19103F-16F7-4668-BE54-9A1E7A4F7556}") = "01. USD to BGN", "01. USD to BGN\01. USD to BGN.csproj", "{B841380D-DA2F-4278-AC9E-B2E402327245}"
EndProject
Project("{9A19103F-16F7-4668-BE54-9A1E7A4F7556}") = "02. Radians to Degrees", "02. Radians to Degrees\02. Radians to Degrees.csproj", "{3DC5FC14-0F61-4E4B-8DC7-CF31C6DDBABD}"
EndProject
Project("{9A19103F-16F7-4668-BE54-9A1E7A4F7556}") = "03. 2D Rectangle Area", "03. 2D Rectangle Area\03. 2D Rectangle Area.csproj", "{BE054B48-2644-43A8-9DB8-AEB37536305E}"
EndProject
Project("{9A19103F-16F7-4668-BE54-9A1E7A4F7556}") = "04. Tailoring Workshop", "04. Tailoring Workshop\04. Tailoring Workshop.csproj", "{7CA15F1C-0195-48D5-828E-DC0D4571712A}"
EndProject
Project("{9A19103F-16F7-4668-BE54-9A1E7A4F7556}") = "05. Dance Hall", "05. Dance Hall\05. Dance Hall.csproj", "{59DDA206-3DC5-47FE-97CB-952FDD4D012F}"
EndProject
Project("{9A19103F-16F7-4668-BE54-9A1E7A4F7556}") = "06. Charity Campaign", "06. Charity Campaign\06. Charity Campaign.csproj", "{7D4FB8BA-90FA-4B6C-A3B0-233B9D7300A2}"
EndProject
Project("{9A19103F-16F7-4668-BE54-9A1E7A4F7556}") = "07. Alcohol Market", "07. Alcohol Market\07. Alcohol Market.csproj", "{9A030D31-7E94-4CC2-A214-6AC8101CA470}"
EndProject
Project("{FAE04EC0-301F-11D3-BF4B-00C04F79EFBC}") = "TEST", "TEST\TEST.csproj", "{9BFD8AD9-B6F6-4148-A7C6-6D14B3E7AD3B}"
EndProject
Global
	GlobalSection(SolutionConfigurationPlatforms) = preSolution
		Debug|Any CPU = Debug|Any CPU
		Release|Any CPU = Release|Any CPU
	EndGlobalSection
	GlobalSection(ProjectConfigurationPlatforms) = postSolution
		{B841380D-DA2F-4278-AC9E-B2E402327245}.Debug|Any CPU.ActiveCfg = Debug|Any CPU
		{B841380D-DA2F-4278-AC9E-B2E402327245}.Debug|Any CPU.Build.0 = Debug|Any CPU
		{B841380D-DA2F-4278-AC9E-B2E402327245}.Release|Any CPU.ActiveCfg = Release|Any CPU
		{B841380D-DA2F-4278-AC9E-B2E402327245}.Release|Any CPU.Build.0 = Release|Any CPU
		{3DC5FC14-0F61-4E4B-8DC7-CF31C6DDBABD}.Debug|Any CPU.ActiveCfg = Debug|Any CPU
		{3DC5FC14-0F61-4E4B-8DC7-CF31C6DDBABD}.Debug|Any CPU.Build.0 = Debug|Any CPU
		{3DC5FC14-0F61-4E4B-8DC7-CF31C6DDBABD}.Release|Any CPU.ActiveCfg = Release|Any CPU
		{3DC5FC14-0F61-4E4B-8DC7-CF31C6DDBABD}.Release|Any CPU.Build.0 = Release|Any CPU
		{BE054B48-2644-43A8-9DB8-AEB37536305E}.Debug|Any CPU.ActiveCfg = Debug|Any CPU
		{BE054B48-2644-43A8-9DB8-AEB37536305E}.Debug|Any CPU.Build.0 = Debug|Any CPU
		{BE054B48-2644-43A8-9DB8-AEB37536305E}.Release|Any CPU.ActiveCfg = Release|Any CPU
		{BE054B48-2644-43A8-9DB8-AEB37536305E}.Release|Any CPU.Build.0 = Release|Any CPU
		{7CA15F1C-0195-48D5-828E-DC0D4571712A}.Debug|Any CPU.ActiveCfg = Debug|Any CPU
		{7CA15F1C-0195-48D5-828E-DC0D4571712A}.Debug|Any CPU.Build.0 = Debug|Any CPU
		{7CA15F1C-0195-48D5-828E-DC0D4571712A}.Release|Any CPU.ActiveCfg = Release|Any CPU
		{7CA15F1C-0195-48D5-828E-DC0D4571712A}.Release|Any CPU.Build.0 = Release|Any CPU
		{59DDA206-3DC5-47FE-97CB-952FDD4D012F}.Debug|Any CPU.ActiveCfg = Debug|Any CPU
		{59DDA206-3DC5-47FE-97CB-952FDD4D012F}.Debug|Any CPU.Build.0 = Debug|Any CPU
		{59DDA206-3DC5-47FE-97CB-952FDD4D012F}.Release|Any CPU.ActiveCfg = Release|Any CPU
		{59DDA206-3DC5-47FE-97CB-952FDD4D012F}.Release|Any CPU.Build.0 = Release|Any CPU
		{7D4FB8BA-90FA-4B6C-A3B0-233B9D7300A2}.Debug|Any CPU.ActiveCfg = Debug|Any CPU
		{7D4FB8BA-90FA-4B6C-A3B0-233B9D7300A2}.Debug|Any CPU.Build.0 = Debug|Any CPU
		{7D4FB8BA-90FA-4B6C-A3B0-233B9D7300A2}.Release|Any CPU.ActiveCfg = Release|Any CPU
		{7D4FB8BA-90FA-4B6C-A3B0-233B9D7300A2}.Release|Any CPU.Build.0 = Release|Any CPU
		{9A030D31-7E94-4CC2-A214-6AC8101CA470}.Debug|Any CPU.ActiveCfg = Debug|Any CPU
		{9A030D31-7E94-4CC2-A214-6AC8101CA470}.Debug|Any CPU.Build.0 = Debug|Any CPU
		{9A030D31-7E94-4CC2-A214-6AC8101CA470}.Release|Any CPU.ActiveCfg = Release|Any CPU
		{9A030D31-7E94-4CC2-A214-6AC8101CA470}.Release|Any CPU.Build.0 = Release|Any CPU
		{9BFD8AD9-B6F6-4148-A7C6-6D14B3E7AD3B}.Debug|Any CPU.ActiveCfg = Debug|Any CPU
		{9BFD8AD9-B6F6-4148-A7C6-6D14B3E7AD3B}.Debug|Any CPU.Build.0 = Debug|Any CPU
		{9BFD8AD9-B6F6-4148-A7C6-6D14B3E7AD3B}.Release|Any CPU.ActiveCfg = Release|Any CPU
		{9BFD8AD9-B6F6-4148-A7C6-6D14B3E7AD3B}.Release|Any CPU.Build.0 = Release|Any CPU
	EndGlobalSection
	GlobalSection(SolutionProperties) = preSolution
		HideSolutionNode = FALSE
	EndGlobalSection
	GlobalSection(ExtensibilityGlobals) = postSolution
		SolutionGuid = {90364B35-0038-459B-8B58-CF8BB0872F12}
	EndGlobalSection
EndGlobal
