
Microsoft Visual Studio Solution File, Format Version 12.00
# Visual Studio Version 16
VisualStudioVersion = 16.0.29806.167
MinimumVisualStudioVersion = 10.0.40219.1
Project("{9A19103F-16F7-4668-BE54-9A1E7A4F7556}") = "01. Read Text", "01. Read Text\01. Read Text.csproj", "{A8958150-F4B5-433E-8654-47B07823D434}"
EndProject
Project("{9A19103F-16F7-4668-BE54-9A1E7A4F7556}") = "02. Password", "02. Password\02. Password.csproj", "{A1CEB342-E7D6-4B59-8C61-336781946D1B}"
EndProject
Project("{9A19103F-16F7-4668-BE54-9A1E7A4F7556}") = "03. Sum Numbers", "03. Sum Numbers\03. Sum Numbers.csproj", "{E6BEE7CB-18AF-495F-985B-698E84D16002}"
EndProject
Project("{9A19103F-16F7-4668-BE54-9A1E7A4F7556}") = "04. Sequence 2k+1", "04. Sequence 2k+1\04. Sequence 2k+1.csproj", "{2B6FD034-BF32-4B9A-9A48-3CF9D5F57D22}"
EndProject
Project("{9A19103F-16F7-4668-BE54-9A1E7A4F7556}") = "05. Account Balance", "05. Account Balance\05. Account Balance.csproj", "{97648A26-F11A-49D8-A350-BD37DB66E673}"
EndProject
Project("{9A19103F-16F7-4668-BE54-9A1E7A4F7556}") = "06. Max Number", "06. Max Number\06. Max Number.csproj", "{04BE811F-5C42-4AB0-913A-6067A49C1291}"
EndProject
Project("{9A19103F-16F7-4668-BE54-9A1E7A4F7556}") = "07. Min Number", "07. Min Number\07. Min Number.csproj", "{70C668DC-98AF-47C8-88BA-D3D7DC7BA55C}"
EndProject
Project("{9A19103F-16F7-4668-BE54-9A1E7A4F7556}") = "08. Graduation", "08. Graduation\08. Graduation.csproj", "{5BDA0729-70A2-4148-8BEE-8A65FC108D99}"
EndProject
Project("{9A19103F-16F7-4668-BE54-9A1E7A4F7556}") = "09. Graduation pt.2", "09. Graduation pt.2\09. Graduation pt.2.csproj", "{EC3DA01B-281E-4775-828B-BAC89D455ABB}"
EndProject
Project("{9A19103F-16F7-4668-BE54-9A1E7A4F7556}") = "10. Moving", "10. Moving\10. Moving.csproj", "{FAAA9189-AB4C-4593-8F7F-00718931B8E3}"
EndProject
Project("{FAE04EC0-301F-11D3-BF4B-00C04F79EFBC}") = "01. Число в диапазона [1…100]", "01. Число в диапазона [1…100]\01. Число в диапазона [1…100].csproj", "{2D9D98C0-07CE-4B85-9D26-29C4569DFBA4}"
EndProject
Global
	GlobalSection(SolutionConfigurationPlatforms) = preSolution
		Debug|Any CPU = Debug|Any CPU
		Release|Any CPU = Release|Any CPU
	EndGlobalSection
	GlobalSection(ProjectConfigurationPlatforms) = postSolution
		{A8958150-F4B5-433E-8654-47B07823D434}.Debug|Any CPU.ActiveCfg = Debug|Any CPU
		{A8958150-F4B5-433E-8654-47B07823D434}.Debug|Any CPU.Build.0 = Debug|Any CPU
		{A8958150-F4B5-433E-8654-47B07823D434}.Release|Any CPU.ActiveCfg = Release|Any CPU
		{A8958150-F4B5-433E-8654-47B07823D434}.Release|Any CPU.Build.0 = Release|Any CPU
		{A1CEB342-E7D6-4B59-8C61-336781946D1B}.Debug|Any CPU.ActiveCfg = Debug|Any CPU
		{A1CEB342-E7D6-4B59-8C61-336781946D1B}.Debug|Any CPU.Build.0 = Debug|Any CPU
		{A1CEB342-E7D6-4B59-8C61-336781946D1B}.Release|Any CPU.ActiveCfg = Release|Any CPU
		{A1CEB342-E7D6-4B59-8C61-336781946D1B}.Release|Any CPU.Build.0 = Release|Any CPU
		{E6BEE7CB-18AF-495F-985B-698E84D16002}.Debug|Any CPU.ActiveCfg = Debug|Any CPU
		{E6BEE7CB-18AF-495F-985B-698E84D16002}.Debug|Any CPU.Build.0 = Debug|Any CPU
		{E6BEE7CB-18AF-495F-985B-698E84D16002}.Release|Any CPU.ActiveCfg = Release|Any CPU
		{E6BEE7CB-18AF-495F-985B-698E84D16002}.Release|Any CPU.Build.0 = Release|Any CPU
		{2B6FD034-BF32-4B9A-9A48-3CF9D5F57D22}.Debug|Any CPU.ActiveCfg = Debug|Any CPU
		{2B6FD034-BF32-4B9A-9A48-3CF9D5F57D22}.Debug|Any CPU.Build.0 = Debug|Any CPU
		{2B6FD034-BF32-4B9A-9A48-3CF9D5F57D22}.Release|Any CPU.ActiveCfg = Release|Any CPU
		{2B6FD034-BF32-4B9A-9A48-3CF9D5F57D22}.Release|Any CPU.Build.0 = Release|Any CPU
		{97648A26-F11A-49D8-A350-BD37DB66E673}.Debug|Any CPU.ActiveCfg = Debug|Any CPU
		{97648A26-F11A-49D8-A350-BD37DB66E673}.Debug|Any CPU.Build.0 = Debug|Any CPU
		{97648A26-F11A-49D8-A350-BD37DB66E673}.Release|Any CPU.ActiveCfg = Release|Any CPU
		{97648A26-F11A-49D8-A350-BD37DB66E673}.Release|Any CPU.Build.0 = Release|Any CPU
		{04BE811F-5C42-4AB0-913A-6067A49C1291}.Debug|Any CPU.ActiveCfg = Debug|Any CPU
		{04BE811F-5C42-4AB0-913A-6067A49C1291}.Debug|Any CPU.Build.0 = Debug|Any CPU
		{04BE811F-5C42-4AB0-913A-6067A49C1291}.Release|Any CPU.ActiveCfg = Release|Any CPU
		{04BE811F-5C42-4AB0-913A-6067A49C1291}.Release|Any CPU.Build.0 = Release|Any CPU
		{70C668DC-98AF-47C8-88BA-D3D7DC7BA55C}.Debug|Any CPU.ActiveCfg = Debug|Any CPU
		{70C668DC-98AF-47C8-88BA-D3D7DC7BA55C}.Debug|Any CPU.Build.0 = Debug|Any CPU
		{70C668DC-98AF-47C8-88BA-D3D7DC7BA55C}.Release|Any CPU.ActiveCfg = Release|Any CPU
		{70C668DC-98AF-47C8-88BA-D3D7DC7BA55C}.Release|Any CPU.Build.0 = Release|Any CPU
		{5BDA0729-70A2-4148-8BEE-8A65FC108D99}.Debug|Any CPU.ActiveCfg = Debug|Any CPU
		{5BDA0729-70A2-4148-8BEE-8A65FC108D99}.Debug|Any CPU.Build.0 = Debug|Any CPU
		{5BDA0729-70A2-4148-8BEE-8A65FC108D99}.Release|Any CPU.ActiveCfg = Release|Any CPU
		{5BDA0729-70A2-4148-8BEE-8A65FC108D99}.Release|Any CPU.Build.0 = Release|Any CPU
		{EC3DA01B-281E-4775-828B-BAC89D455ABB}.Debug|Any CPU.ActiveCfg = Debug|Any CPU
		{EC3DA01B-281E-4775-828B-BAC89D455ABB}.Debug|Any CPU.Build.0 = Debug|Any CPU
		{EC3DA01B-281E-4775-828B-BAC89D455ABB}.Release|Any CPU.ActiveCfg = Release|Any CPU
		{EC3DA01B-281E-4775-828B-BAC89D455ABB}.Release|Any CPU.Build.0 = Release|Any CPU
		{FAAA9189-AB4C-4593-8F7F-00718931B8E3}.Debug|Any CPU.ActiveCfg = Debug|Any CPU
		{FAAA9189-AB4C-4593-8F7F-00718931B8E3}.Debug|Any CPU.Build.0 = Debug|Any CPU
		{FAAA9189-AB4C-4593-8F7F-00718931B8E3}.Release|Any CPU.ActiveCfg = Release|Any CPU
		{FAAA9189-AB4C-4593-8F7F-00718931B8E3}.Release|Any CPU.Build.0 = Release|Any CPU
		{2D9D98C0-07CE-4B85-9D26-29C4569DFBA4}.Debug|Any CPU.ActiveCfg = Debug|Any CPU
		{2D9D98C0-07CE-4B85-9D26-29C4569DFBA4}.Debug|Any CPU.Build.0 = Debug|Any CPU
		{2D9D98C0-07CE-4B85-9D26-29C4569DFBA4}.Release|Any CPU.ActiveCfg = Release|Any CPU
		{2D9D98C0-07CE-4B85-9D26-29C4569DFBA4}.Release|Any CPU.Build.0 = Release|Any CPU
	EndGlobalSection
	GlobalSection(SolutionProperties) = preSolution
		HideSolutionNode = FALSE
	EndGlobalSection
	GlobalSection(ExtensibilityGlobals) = postSolution
		SolutionGuid = {5C95EA9C-4D3E-496E-80DD-91777F02A316}
	EndGlobalSection
EndGlobal
