
Microsoft Visual Studio Solution File, Format Version 12.00
# Visual Studio Version 16
VisualStudioVersion = 16.0.30309.148
MinimumVisualStudioVersion = 10.0.40219.1
Project("{9A19103F-16F7-4668-BE54-9A1E7A4F7556}") = "01. On the Way to Annapurna", "01. On the Way to Annapurna\01. On the Way to Annapurna.csproj", "{7B120F19-74E4-4EC0-87A6-D99FA0EEA91F}"
EndProject
Project("{9A19103F-16F7-4668-BE54-9A1E7A4F7556}") = "03. Arriving in Kathmandu", "03. Arriving in Kathmandu\03. Arriving in Kathmandu.csproj", "{62260593-7DBC-47F9-8B02-3025C49D2D12}"
EndProject
Project("{9A19103F-16F7-4668-BE54-9A1E7A4F7556}") = "03.01. Arriving in Kathmandu", "03.01. Arriving in Kathmandu\03.01. Arriving in Kathmandu.csproj", "{35A174EF-ADE5-4050-AB32-239AE71DB83C}"
EndProject
Project("{FAE04EC0-301F-11D3-BF4B-00C04F79EFBC}") = "REDO 01. On the Way to Annapurna", "REDO 01. On the Way to Annapurna\REDO 01. On the Way to Annapurna.csproj", "{F017C008-A2CD-4BAC-AF8D-29D2F4BE5164}"
EndProject
Global
	GlobalSection(SolutionConfigurationPlatforms) = preSolution
		Debug|Any CPU = Debug|Any CPU
		Release|Any CPU = Release|Any CPU
	EndGlobalSection
	GlobalSection(ProjectConfigurationPlatforms) = postSolution
		{7B120F19-74E4-4EC0-87A6-D99FA0EEA91F}.Debug|Any CPU.ActiveCfg = Debug|Any CPU
		{7B120F19-74E4-4EC0-87A6-D99FA0EEA91F}.Debug|Any CPU.Build.0 = Debug|Any CPU
		{7B120F19-74E4-4EC0-87A6-D99FA0EEA91F}.Release|Any CPU.ActiveCfg = Release|Any CPU
		{7B120F19-74E4-4EC0-87A6-D99FA0EEA91F}.Release|Any CPU.Build.0 = Release|Any CPU
		{62260593-7DBC-47F9-8B02-3025C49D2D12}.Debug|Any CPU.ActiveCfg = Debug|Any CPU
		{62260593-7DBC-47F9-8B02-3025C49D2D12}.Debug|Any CPU.Build.0 = Debug|Any CPU
		{62260593-7DBC-47F9-8B02-3025C49D2D12}.Release|Any CPU.ActiveCfg = Release|Any CPU
		{62260593-7DBC-47F9-8B02-3025C49D2D12}.Release|Any CPU.Build.0 = Release|Any CPU
		{35A174EF-ADE5-4050-AB32-239AE71DB83C}.Debug|Any CPU.ActiveCfg = Debug|Any CPU
		{35A174EF-ADE5-4050-AB32-239AE71DB83C}.Debug|Any CPU.Build.0 = Debug|Any CPU
		{35A174EF-ADE5-4050-AB32-239AE71DB83C}.Release|Any CPU.ActiveCfg = Release|Any CPU
		{35A174EF-ADE5-4050-AB32-239AE71DB83C}.Release|Any CPU.Build.0 = Release|Any CPU
		{F017C008-A2CD-4BAC-AF8D-29D2F4BE5164}.Debug|Any CPU.ActiveCfg = Debug|Any CPU
		{F017C008-A2CD-4BAC-AF8D-29D2F4BE5164}.Debug|Any CPU.Build.0 = Debug|Any CPU
		{F017C008-A2CD-4BAC-AF8D-29D2F4BE5164}.Release|Any CPU.ActiveCfg = Release|Any CPU
		{F017C008-A2CD-4BAC-AF8D-29D2F4BE5164}.Release|Any CPU.Build.0 = Release|Any CPU
	EndGlobalSection
	GlobalSection(SolutionProperties) = preSolution
		HideSolutionNode = FALSE
	EndGlobalSection
	GlobalSection(ExtensibilityGlobals) = postSolution
		SolutionGuid = {EC5535B2-4419-4941-AC10-B36E1AD071AF}
	EndGlobalSection
EndGlobal
