
Microsoft Visual Studio Solution File, Format Version 12.00
# Visual Studio Version 16
VisualStudioVersion = 16.0.30002.166
MinimumVisualStudioVersion = 10.0.40219.1
Project("{9A19103F-16F7-4668-BE54-9A1E7A4F7556}") = "01. Smallest of Three Numbers", "01. Smallest of Three Numbers\01. Smallest of Three Numbers.csproj", "{01E09267-37F4-450E-9B8A-2D2DBEEFFAED}"
EndProject
Project("{9A19103F-16F7-4668-BE54-9A1E7A4F7556}") = "02. Vowels Count", "02. Vowels Count\02. Vowels Count.csproj", "{C303DE45-4807-4C07-8ED5-34729754D165}"
EndProject
Project("{9A19103F-16F7-4668-BE54-9A1E7A4F7556}") = "03. Characters in Range", "03. Characters in Range\03. Characters in Range.csproj", "{75A0D891-082F-433E-B01D-75AA4C57A109}"
EndProject
Project("{9A19103F-16F7-4668-BE54-9A1E7A4F7556}") = "04. Password Validator", "04. Password Validator\04. Password Validator.csproj", "{08872CA7-2965-4A1D-A73B-C49ADC48E97E}"
EndProject
Project("{9A19103F-16F7-4668-BE54-9A1E7A4F7556}") = "05. Add and Subtract", "05. Add and Subtract\05. Add and Subtract.csproj", "{8AB95613-BD12-4C12-93BD-E13F64CFF91F}"
EndProject
Project("{9A19103F-16F7-4668-BE54-9A1E7A4F7556}") = "06. Middle Characters", "06. Middle Characters\06. Middle Characters.csproj", "{373CED6D-DAF8-4D39-8318-C8EE021804C8}"
EndProject
Project("{9A19103F-16F7-4668-BE54-9A1E7A4F7556}") = "07. NxN Matrix", "07. NxN Matrix\07. NxN Matrix.csproj", "{5CF6E9A6-99B7-425F-A4BE-9F7856E45D9A}"
EndProject
Project("{9A19103F-16F7-4668-BE54-9A1E7A4F7556}") = "08. Factorial Division", "08. Factorial Division\08. Factorial Division.csproj", "{5CA8D29E-1F28-4181-AED2-4339D4CC633C}"
EndProject
Project("{9A19103F-16F7-4668-BE54-9A1E7A4F7556}") = "09. Palindrome Integers", "09. Palindrome Integers\09. Palindrome Integers.csproj", "{337DDEA7-9C77-46EB-9364-48BCEA4FCC72}"
EndProject
Project("{9A19103F-16F7-4668-BE54-9A1E7A4F7556}") = "10. Top Number", "10. Top Number\10. Top Number.csproj", "{5DC25D54-4799-49F3-BEA2-5B22FC532763}"
EndProject
Project("{9A19103F-16F7-4668-BE54-9A1E7A4F7556}") = "11. Array Manipulator", "11. Array Manipulator\11. Array Manipulator.csproj", "{D111DB58-6A54-426C-8DE6-8A76A4263166}"
EndProject
Project("{FAE04EC0-301F-11D3-BF4B-00C04F79EFBC}") = "11.01 Array Manipulator", "11.01 Array Manipulator\11.01 Array Manipulator.csproj", "{AD13C3DB-B11F-4B01-9FBB-FBCE921AD11E}"
EndProject
Global
	GlobalSection(SolutionConfigurationPlatforms) = preSolution
		Debug|Any CPU = Debug|Any CPU
		Release|Any CPU = Release|Any CPU
	EndGlobalSection
	GlobalSection(ProjectConfigurationPlatforms) = postSolution
		{01E09267-37F4-450E-9B8A-2D2DBEEFFAED}.Debug|Any CPU.ActiveCfg = Debug|Any CPU
		{01E09267-37F4-450E-9B8A-2D2DBEEFFAED}.Debug|Any CPU.Build.0 = Debug|Any CPU
		{01E09267-37F4-450E-9B8A-2D2DBEEFFAED}.Release|Any CPU.ActiveCfg = Release|Any CPU
		{01E09267-37F4-450E-9B8A-2D2DBEEFFAED}.Release|Any CPU.Build.0 = Release|Any CPU
		{C303DE45-4807-4C07-8ED5-34729754D165}.Debug|Any CPU.ActiveCfg = Debug|Any CPU
		{C303DE45-4807-4C07-8ED5-34729754D165}.Debug|Any CPU.Build.0 = Debug|Any CPU
		{C303DE45-4807-4C07-8ED5-34729754D165}.Release|Any CPU.ActiveCfg = Release|Any CPU
		{C303DE45-4807-4C07-8ED5-34729754D165}.Release|Any CPU.Build.0 = Release|Any CPU
		{75A0D891-082F-433E-B01D-75AA4C57A109}.Debug|Any CPU.ActiveCfg = Debug|Any CPU
		{75A0D891-082F-433E-B01D-75AA4C57A109}.Debug|Any CPU.Build.0 = Debug|Any CPU
		{75A0D891-082F-433E-B01D-75AA4C57A109}.Release|Any CPU.ActiveCfg = Release|Any CPU
		{75A0D891-082F-433E-B01D-75AA4C57A109}.Release|Any CPU.Build.0 = Release|Any CPU
		{08872CA7-2965-4A1D-A73B-C49ADC48E97E}.Debug|Any CPU.ActiveCfg = Debug|Any CPU
		{08872CA7-2965-4A1D-A73B-C49ADC48E97E}.Debug|Any CPU.Build.0 = Debug|Any CPU
		{08872CA7-2965-4A1D-A73B-C49ADC48E97E}.Release|Any CPU.ActiveCfg = Release|Any CPU
		{08872CA7-2965-4A1D-A73B-C49ADC48E97E}.Release|Any CPU.Build.0 = Release|Any CPU
		{8AB95613-BD12-4C12-93BD-E13F64CFF91F}.Debug|Any CPU.ActiveCfg = Debug|Any CPU
		{8AB95613-BD12-4C12-93BD-E13F64CFF91F}.Debug|Any CPU.Build.0 = Debug|Any CPU
		{8AB95613-BD12-4C12-93BD-E13F64CFF91F}.Release|Any CPU.ActiveCfg = Release|Any CPU
		{8AB95613-BD12-4C12-93BD-E13F64CFF91F}.Release|Any CPU.Build.0 = Release|Any CPU
		{373CED6D-DAF8-4D39-8318-C8EE021804C8}.Debug|Any CPU.ActiveCfg = Debug|Any CPU
		{373CED6D-DAF8-4D39-8318-C8EE021804C8}.Debug|Any CPU.Build.0 = Debug|Any CPU
		{373CED6D-DAF8-4D39-8318-C8EE021804C8}.Release|Any CPU.ActiveCfg = Release|Any CPU
		{373CED6D-DAF8-4D39-8318-C8EE021804C8}.Release|Any CPU.Build.0 = Release|Any CPU
		{5CF6E9A6-99B7-425F-A4BE-9F7856E45D9A}.Debug|Any CPU.ActiveCfg = Debug|Any CPU
		{5CF6E9A6-99B7-425F-A4BE-9F7856E45D9A}.Debug|Any CPU.Build.0 = Debug|Any CPU
		{5CF6E9A6-99B7-425F-A4BE-9F7856E45D9A}.Release|Any CPU.ActiveCfg = Release|Any CPU
		{5CF6E9A6-99B7-425F-A4BE-9F7856E45D9A}.Release|Any CPU.Build.0 = Release|Any CPU
		{5CA8D29E-1F28-4181-AED2-4339D4CC633C}.Debug|Any CPU.ActiveCfg = Debug|Any CPU
		{5CA8D29E-1F28-4181-AED2-4339D4CC633C}.Debug|Any CPU.Build.0 = Debug|Any CPU
		{5CA8D29E-1F28-4181-AED2-4339D4CC633C}.Release|Any CPU.ActiveCfg = Release|Any CPU
		{5CA8D29E-1F28-4181-AED2-4339D4CC633C}.Release|Any CPU.Build.0 = Release|Any CPU
		{337DDEA7-9C77-46EB-9364-48BCEA4FCC72}.Debug|Any CPU.ActiveCfg = Debug|Any CPU
		{337DDEA7-9C77-46EB-9364-48BCEA4FCC72}.Debug|Any CPU.Build.0 = Debug|Any CPU
		{337DDEA7-9C77-46EB-9364-48BCEA4FCC72}.Release|Any CPU.ActiveCfg = Release|Any CPU
		{337DDEA7-9C77-46EB-9364-48BCEA4FCC72}.Release|Any CPU.Build.0 = Release|Any CPU
		{5DC25D54-4799-49F3-BEA2-5B22FC532763}.Debug|Any CPU.ActiveCfg = Debug|Any CPU
		{5DC25D54-4799-49F3-BEA2-5B22FC532763}.Debug|Any CPU.Build.0 = Debug|Any CPU
		{5DC25D54-4799-49F3-BEA2-5B22FC532763}.Release|Any CPU.ActiveCfg = Release|Any CPU
		{5DC25D54-4799-49F3-BEA2-5B22FC532763}.Release|Any CPU.Build.0 = Release|Any CPU
		{D111DB58-6A54-426C-8DE6-8A76A4263166}.Debug|Any CPU.ActiveCfg = Debug|Any CPU
		{D111DB58-6A54-426C-8DE6-8A76A4263166}.Debug|Any CPU.Build.0 = Debug|Any CPU
		{D111DB58-6A54-426C-8DE6-8A76A4263166}.Release|Any CPU.ActiveCfg = Release|Any CPU
		{D111DB58-6A54-426C-8DE6-8A76A4263166}.Release|Any CPU.Build.0 = Release|Any CPU
		{AD13C3DB-B11F-4B01-9FBB-FBCE921AD11E}.Debug|Any CPU.ActiveCfg = Debug|Any CPU
		{AD13C3DB-B11F-4B01-9FBB-FBCE921AD11E}.Debug|Any CPU.Build.0 = Debug|Any CPU
		{AD13C3DB-B11F-4B01-9FBB-FBCE921AD11E}.Release|Any CPU.ActiveCfg = Release|Any CPU
		{AD13C3DB-B11F-4B01-9FBB-FBCE921AD11E}.Release|Any CPU.Build.0 = Release|Any CPU
	EndGlobalSection
	GlobalSection(SolutionProperties) = preSolution
		HideSolutionNode = FALSE
	EndGlobalSection
	GlobalSection(ExtensibilityGlobals) = postSolution
		SolutionGuid = {2DDA0756-3B0F-4563-A34C-FBD0EEEC0523}
	EndGlobalSection
EndGlobal
