
Microsoft Visual Studio Solution File, Format Version 12.00
# Visual Studio Version 16
VisualStudioVersion = 16.0.29728.190
MinimumVisualStudioVersion = 10.0.40219.1
Project("{9A19103F-16F7-4668-BE54-9A1E7A4F7556}") = "01. Easter Lunch", "01. Easter Lunch\01. Easter Lunch.csproj", "{C5B48944-AEA4-43DA-B9E5-33A25DC13705}"
EndProject
Project("{9A19103F-16F7-4668-BE54-9A1E7A4F7556}") = "01. Easter Bakery", "01. Easter Bakery\01. Easter Bakery.csproj", "{77898EB5-3691-4AD4-9D9D-C68552C3EB6E}"
EndProject
Project("{FAE04EC0-301F-11D3-BF4B-00C04F79EFBC}") = "01. Food Delivery", "01. Food Delivery\01. Food Delivery.csproj", "{E1455FCF-89B0-4864-B992-C4BED2FD4ACB}"
EndProject
Project("{FAE04EC0-301F-11D3-BF4B-00C04F79EFBC}") = "01. Basketball Equipment", "01. Basketball Equipment\01. Basketball Equipment.csproj", "{8B6E5547-A9EC-465B-8B27-FAE744C45222}"
EndProject
Project("{FAE04EC0-301F-11D3-BF4B-00C04F79EFBC}") = "01. Tennis Equipment", "01. Tennis Equipment\01. Tennis Equipment.csproj", "{B17B5D81-D6AC-40C9-A6C3-9927EA53FD80}"
EndProject
Project("{FAE04EC0-301F-11D3-BF4B-00C04F79EFBC}") = "01. Series Calculator", "01. Series Calculator\01. Series Calculator.csproj", "{B3F542AC-852A-4287-B2EB-6EC1AFD72ECC}"
EndProject
Project("{FAE04EC0-301F-11D3-BF4B-00C04F79EFBC}") = "01. Movie Profit", "01. Movie Profit\01. Movie Profit.csproj", "{BBBCE961-FA77-4683-AC98-7FE171883C40}"
EndProject
Project("{FAE04EC0-301F-11D3-BF4B-00C04F79EFBC}") = "01. Oscars ceremony", "01. Oscars ceremony\01. Oscars ceremony.csproj", "{0162C6DC-91B7-45B2-B689-663530BBF843}"
EndProject
Project("{FAE04EC0-301F-11D3-BF4B-00C04F79EFBC}") = "01. Pool Day", "01. Pool Day\01. Pool Day.csproj", "{A43ED395-6299-4BED-B2B4-20E680193A35}"
EndProject
Project("{FAE04EC0-301F-11D3-BF4B-00C04F79EFBC}") = "01. Repainting", "01. Repainting\01. Repainting.csproj", "{4C2DB99D-64D7-4A94-BE25-C6DEE6C1FCDB}"
EndProject
Project("{FAE04EC0-301F-11D3-BF4B-00C04F79EFBC}") = "01. Savings", "01. Savings\01. Savings.csproj", "{34FCB19D-347D-4090-AE05-44EB71C74451}"
EndProject
Project("{FAE04EC0-301F-11D3-BF4B-00C04F79EFBC}") = "01. Lemonade Stand", "01. Lemonade Stand\01. Lemonade Stand.csproj", "{65D301EC-953B-48B5-B1E0-AE0F51E99545}"
EndProject
Global
	GlobalSection(SolutionConfigurationPlatforms) = preSolution
		Debug|Any CPU = Debug|Any CPU
		Release|Any CPU = Release|Any CPU
	EndGlobalSection
	GlobalSection(ProjectConfigurationPlatforms) = postSolution
		{C5B48944-AEA4-43DA-B9E5-33A25DC13705}.Debug|Any CPU.ActiveCfg = Debug|Any CPU
		{C5B48944-AEA4-43DA-B9E5-33A25DC13705}.Debug|Any CPU.Build.0 = Debug|Any CPU
		{C5B48944-AEA4-43DA-B9E5-33A25DC13705}.Release|Any CPU.ActiveCfg = Release|Any CPU
		{C5B48944-AEA4-43DA-B9E5-33A25DC13705}.Release|Any CPU.Build.0 = Release|Any CPU
		{77898EB5-3691-4AD4-9D9D-C68552C3EB6E}.Debug|Any CPU.ActiveCfg = Debug|Any CPU
		{77898EB5-3691-4AD4-9D9D-C68552C3EB6E}.Debug|Any CPU.Build.0 = Debug|Any CPU
		{77898EB5-3691-4AD4-9D9D-C68552C3EB6E}.Release|Any CPU.ActiveCfg = Release|Any CPU
		{77898EB5-3691-4AD4-9D9D-C68552C3EB6E}.Release|Any CPU.Build.0 = Release|Any CPU
		{E1455FCF-89B0-4864-B992-C4BED2FD4ACB}.Debug|Any CPU.ActiveCfg = Debug|Any CPU
		{E1455FCF-89B0-4864-B992-C4BED2FD4ACB}.Debug|Any CPU.Build.0 = Debug|Any CPU
		{E1455FCF-89B0-4864-B992-C4BED2FD4ACB}.Release|Any CPU.ActiveCfg = Release|Any CPU
		{E1455FCF-89B0-4864-B992-C4BED2FD4ACB}.Release|Any CPU.Build.0 = Release|Any CPU
		{8B6E5547-A9EC-465B-8B27-FAE744C45222}.Debug|Any CPU.ActiveCfg = Debug|Any CPU
		{8B6E5547-A9EC-465B-8B27-FAE744C45222}.Debug|Any CPU.Build.0 = Debug|Any CPU
		{8B6E5547-A9EC-465B-8B27-FAE744C45222}.Release|Any CPU.ActiveCfg = Release|Any CPU
		{8B6E5547-A9EC-465B-8B27-FAE744C45222}.Release|Any CPU.Build.0 = Release|Any CPU
		{B17B5D81-D6AC-40C9-A6C3-9927EA53FD80}.Debug|Any CPU.ActiveCfg = Debug|Any CPU
		{B17B5D81-D6AC-40C9-A6C3-9927EA53FD80}.Debug|Any CPU.Build.0 = Debug|Any CPU
		{B17B5D81-D6AC-40C9-A6C3-9927EA53FD80}.Release|Any CPU.ActiveCfg = Release|Any CPU
		{B17B5D81-D6AC-40C9-A6C3-9927EA53FD80}.Release|Any CPU.Build.0 = Release|Any CPU
		{B3F542AC-852A-4287-B2EB-6EC1AFD72ECC}.Debug|Any CPU.ActiveCfg = Debug|Any CPU
		{B3F542AC-852A-4287-B2EB-6EC1AFD72ECC}.Debug|Any CPU.Build.0 = Debug|Any CPU
		{B3F542AC-852A-4287-B2EB-6EC1AFD72ECC}.Release|Any CPU.ActiveCfg = Release|Any CPU
		{B3F542AC-852A-4287-B2EB-6EC1AFD72ECC}.Release|Any CPU.Build.0 = Release|Any CPU
		{BBBCE961-FA77-4683-AC98-7FE171883C40}.Debug|Any CPU.ActiveCfg = Debug|Any CPU
		{BBBCE961-FA77-4683-AC98-7FE171883C40}.Debug|Any CPU.Build.0 = Debug|Any CPU
		{BBBCE961-FA77-4683-AC98-7FE171883C40}.Release|Any CPU.ActiveCfg = Release|Any CPU
		{BBBCE961-FA77-4683-AC98-7FE171883C40}.Release|Any CPU.Build.0 = Release|Any CPU
		{0162C6DC-91B7-45B2-B689-663530BBF843}.Debug|Any CPU.ActiveCfg = Debug|Any CPU
		{0162C6DC-91B7-45B2-B689-663530BBF843}.Debug|Any CPU.Build.0 = Debug|Any CPU
		{0162C6DC-91B7-45B2-B689-663530BBF843}.Release|Any CPU.ActiveCfg = Release|Any CPU
		{0162C6DC-91B7-45B2-B689-663530BBF843}.Release|Any CPU.Build.0 = Release|Any CPU
		{A43ED395-6299-4BED-B2B4-20E680193A35}.Debug|Any CPU.ActiveCfg = Debug|Any CPU
		{A43ED395-6299-4BED-B2B4-20E680193A35}.Debug|Any CPU.Build.0 = Debug|Any CPU
		{A43ED395-6299-4BED-B2B4-20E680193A35}.Release|Any CPU.ActiveCfg = Release|Any CPU
		{A43ED395-6299-4BED-B2B4-20E680193A35}.Release|Any CPU.Build.0 = Release|Any CPU
		{4C2DB99D-64D7-4A94-BE25-C6DEE6C1FCDB}.Debug|Any CPU.ActiveCfg = Debug|Any CPU
		{4C2DB99D-64D7-4A94-BE25-C6DEE6C1FCDB}.Debug|Any CPU.Build.0 = Debug|Any CPU
		{4C2DB99D-64D7-4A94-BE25-C6DEE6C1FCDB}.Release|Any CPU.ActiveCfg = Release|Any CPU
		{4C2DB99D-64D7-4A94-BE25-C6DEE6C1FCDB}.Release|Any CPU.Build.0 = Release|Any CPU
		{34FCB19D-347D-4090-AE05-44EB71C74451}.Debug|Any CPU.ActiveCfg = Debug|Any CPU
		{34FCB19D-347D-4090-AE05-44EB71C74451}.Debug|Any CPU.Build.0 = Debug|Any CPU
		{34FCB19D-347D-4090-AE05-44EB71C74451}.Release|Any CPU.ActiveCfg = Release|Any CPU
		{34FCB19D-347D-4090-AE05-44EB71C74451}.Release|Any CPU.Build.0 = Release|Any CPU
		{65D301EC-953B-48B5-B1E0-AE0F51E99545}.Debug|Any CPU.ActiveCfg = Debug|Any CPU
		{65D301EC-953B-48B5-B1E0-AE0F51E99545}.Debug|Any CPU.Build.0 = Debug|Any CPU
		{65D301EC-953B-48B5-B1E0-AE0F51E99545}.Release|Any CPU.ActiveCfg = Release|Any CPU
		{65D301EC-953B-48B5-B1E0-AE0F51E99545}.Release|Any CPU.Build.0 = Release|Any CPU
	EndGlobalSection
	GlobalSection(SolutionProperties) = preSolution
		HideSolutionNode = FALSE
	EndGlobalSection
	GlobalSection(ExtensibilityGlobals) = postSolution
		SolutionGuid = {12410C55-6A7D-4BD4-867D-5F31254B873F}
	EndGlobalSection
EndGlobal
