
Microsoft Visual Studio Solution File, Format Version 12.00
# Visual Studio Version 16
VisualStudioVersion = 16.0.29806.167
MinimumVisualStudioVersion = 10.0.40219.1
Project("{9A19103F-16F7-4668-BE54-9A1E7A4F7556}") = "01. Dishwasher", "01. Dishwasher\01. Dishwasher.csproj", "{20B63F2D-F091-4314-B815-13911028221C}"
EndProject
Project("{9A19103F-16F7-4668-BE54-9A1E7A4F7556}") = "02. Report System", "02. Report System\02. Report System.csproj", "{FF8EC0AC-1AD9-4D52-8E0C-A68FF268C545}"
EndProject
Project("{9A19103F-16F7-4668-BE54-9A1E7A4F7556}") = "03. Stream Of Letters", "03. Stream Of Letters\03. Stream Of Letters.csproj", "{CBE18BE4-9B11-465C-9170-B1A06EDBC99F}"
EndProject
Project("{9A19103F-16F7-4668-BE54-9A1E7A4F7556}") = "04. Numbers Divided by 3 Without Reminder", "04. Numbers Divided by 3 Without Reminder\04. Numbers Divided by 3 Without Reminder.csproj", "{C35BD28D-AB63-4187-93E4-54E4FC9E33D7}"
EndProject
Project("{9A19103F-16F7-4668-BE54-9A1E7A4F7556}") = "05. Average Number", "05. Average Number\05. Average Number.csproj", "{79B5A0D9-2538-4BE1-936D-2B47B675987A}"
EndProject
Project("{FAE04EC0-301F-11D3-BF4B-00C04F79EFBC}") = "04. 01. Numbers Divided by 3 Without Reminder", "04. 01. Numbers Divided by 3 Without Reminder\04. 01. Numbers Divided by 3 Without Reminder.csproj", "{23ACA0F9-8814-41AE-B9C6-BD1834A2FD0F}"
EndProject
Global
	GlobalSection(SolutionConfigurationPlatforms) = preSolution
		Debug|Any CPU = Debug|Any CPU
		Release|Any CPU = Release|Any CPU
	EndGlobalSection
	GlobalSection(ProjectConfigurationPlatforms) = postSolution
		{20B63F2D-F091-4314-B815-13911028221C}.Debug|Any CPU.ActiveCfg = Debug|Any CPU
		{20B63F2D-F091-4314-B815-13911028221C}.Debug|Any CPU.Build.0 = Debug|Any CPU
		{20B63F2D-F091-4314-B815-13911028221C}.Release|Any CPU.ActiveCfg = Release|Any CPU
		{20B63F2D-F091-4314-B815-13911028221C}.Release|Any CPU.Build.0 = Release|Any CPU
		{FF8EC0AC-1AD9-4D52-8E0C-A68FF268C545}.Debug|Any CPU.ActiveCfg = Debug|Any CPU
		{FF8EC0AC-1AD9-4D52-8E0C-A68FF268C545}.Debug|Any CPU.Build.0 = Debug|Any CPU
		{FF8EC0AC-1AD9-4D52-8E0C-A68FF268C545}.Release|Any CPU.ActiveCfg = Release|Any CPU
		{FF8EC0AC-1AD9-4D52-8E0C-A68FF268C545}.Release|Any CPU.Build.0 = Release|Any CPU
		{CBE18BE4-9B11-465C-9170-B1A06EDBC99F}.Debug|Any CPU.ActiveCfg = Debug|Any CPU
		{CBE18BE4-9B11-465C-9170-B1A06EDBC99F}.Debug|Any CPU.Build.0 = Debug|Any CPU
		{CBE18BE4-9B11-465C-9170-B1A06EDBC99F}.Release|Any CPU.ActiveCfg = Release|Any CPU
		{CBE18BE4-9B11-465C-9170-B1A06EDBC99F}.Release|Any CPU.Build.0 = Release|Any CPU
		{C35BD28D-AB63-4187-93E4-54E4FC9E33D7}.Debug|Any CPU.ActiveCfg = Debug|Any CPU
		{C35BD28D-AB63-4187-93E4-54E4FC9E33D7}.Debug|Any CPU.Build.0 = Debug|Any CPU
		{C35BD28D-AB63-4187-93E4-54E4FC9E33D7}.Release|Any CPU.ActiveCfg = Release|Any CPU
		{C35BD28D-AB63-4187-93E4-54E4FC9E33D7}.Release|Any CPU.Build.0 = Release|Any CPU
		{79B5A0D9-2538-4BE1-936D-2B47B675987A}.Debug|Any CPU.ActiveCfg = Debug|Any CPU
		{79B5A0D9-2538-4BE1-936D-2B47B675987A}.Debug|Any CPU.Build.0 = Debug|Any CPU
		{79B5A0D9-2538-4BE1-936D-2B47B675987A}.Release|Any CPU.ActiveCfg = Release|Any CPU
		{79B5A0D9-2538-4BE1-936D-2B47B675987A}.Release|Any CPU.Build.0 = Release|Any CPU
		{23ACA0F9-8814-41AE-B9C6-BD1834A2FD0F}.Debug|Any CPU.ActiveCfg = Debug|Any CPU
		{23ACA0F9-8814-41AE-B9C6-BD1834A2FD0F}.Debug|Any CPU.Build.0 = Debug|Any CPU
		{23ACA0F9-8814-41AE-B9C6-BD1834A2FD0F}.Release|Any CPU.ActiveCfg = Release|Any CPU
		{23ACA0F9-8814-41AE-B9C6-BD1834A2FD0F}.Release|Any CPU.Build.0 = Release|Any CPU
	EndGlobalSection
	GlobalSection(SolutionProperties) = preSolution
		HideSolutionNode = FALSE
	EndGlobalSection
	GlobalSection(ExtensibilityGlobals) = postSolution
		SolutionGuid = {240B49C4-8090-4F53-8E13-63CF14DC5250}
	EndGlobalSection
EndGlobal
