
Microsoft Visual Studio Solution File, Format Version 12.00
# Visual Studio Version 16
VisualStudioVersion = 16.0.29806.167
MinimumVisualStudioVersion = 10.0.40219.1
Project("{9A19103F-16F7-4668-BE54-9A1E7A4F7556}") = "02.01. Easter Party", "02.01. Easter Party\02.01. Easter Party.csproj", "{7EBDF51D-B615-43F1-BAC9-BCD7B3A30743}"
EndProject
Project("{9A19103F-16F7-4668-BE54-9A1E7A4F7556}") = "02.02. Easter Guests", "02.02. Easter Guests\02.02. Easter Guests.csproj", "{9EACCAD9-FE36-49A2-990D-5A8A4BB43C70}"
EndProject
Project("{9A19103F-16F7-4668-BE54-9A1E7A4F7556}") = "02.03. Safari", "02.03. Safari\02.03. Safari.csproj", "{F2ED4763-5A7C-41FC-B6FC-975997C7B9A3}"
EndProject
Project("{9A19103F-16F7-4668-BE54-9A1E7A4F7556}") = "02.04. Football Results", "02.04. Football Results\02.04. Football Results.csproj", "{62BFBFA5-15B6-4883-A9CB-F75FCB8E88D4}"
EndProject
Project("{9A19103F-16F7-4668-BE54-9A1E7A4F7556}") = "02.05. Skeleton", "02.05. Skeleton\02.05. Skeleton.csproj", "{BE5A26DB-E4D3-4CF0-9001-9060FB6E8FEE}"
EndProject
Project("{9A19103F-16F7-4668-BE54-9A1E7A4F7556}") = "02.06. Lunch Break", "02.06. Lunch Break\02.06. Lunch Break.csproj", "{0930AACF-A173-4C15-869D-B53927A8EA33}"
EndProject
Project("{9A19103F-16F7-4668-BE54-9A1E7A4F7556}") = "02.07. Movie Day", "02.07. Movie Day\02.07. Movie Day.csproj", "{A324D7A2-5B55-4672-9ED0-113142B76AC7}"
EndProject
Project("{9A19103F-16F7-4668-BE54-9A1E7A4F7556}") = "02.09. Family Trip", "02.09. Family Trip\02.09. Family Trip.csproj", "{A0D470E8-68EB-456E-94A2-E50733D17E48}"
EndProject
Project("{9A19103F-16F7-4668-BE54-9A1E7A4F7556}") = "02.10. Shopping", "02.10. Shopping\02.10. Shopping.csproj", "{A80C204D-0AFF-4226-8EC3-726266AC47A7}"
EndProject
Project("{9A19103F-16F7-4668-BE54-9A1E7A4F7556}") = "02.11. Reservation", "02.11. Reservation\02.11. Reservation.csproj", "{FA305B0A-7A2F-4BC7-8C25-336894AC0E53}"
EndProject
Project("{9A19103F-16F7-4668-BE54-9A1E7A4F7556}") = "02.12. Summer Shopping", "02.12. Summer Shopping\02.12. Summer Shopping.csproj", "{24956024-A260-44E2-A2CF-66E8ADBE733E}"
EndProject
Project("{9A19103F-16F7-4668-BE54-9A1E7A4F7556}") = "02.08. Godzilla vs. Kong", "02.08. Godzilla vs. Kong\02.08. Godzilla vs. Kong.csproj", "{6FF943F1-53B0-4ACA-863B-F8CC325490E9}"
EndProject
Global
	GlobalSection(SolutionConfigurationPlatforms) = preSolution
		Debug|Any CPU = Debug|Any CPU
		Release|Any CPU = Release|Any CPU
	EndGlobalSection
	GlobalSection(ProjectConfigurationPlatforms) = postSolution
		{7EBDF51D-B615-43F1-BAC9-BCD7B3A30743}.Debug|Any CPU.ActiveCfg = Debug|Any CPU
		{7EBDF51D-B615-43F1-BAC9-BCD7B3A30743}.Debug|Any CPU.Build.0 = Debug|Any CPU
		{7EBDF51D-B615-43F1-BAC9-BCD7B3A30743}.Release|Any CPU.ActiveCfg = Release|Any CPU
		{7EBDF51D-B615-43F1-BAC9-BCD7B3A30743}.Release|Any CPU.Build.0 = Release|Any CPU
		{9EACCAD9-FE36-49A2-990D-5A8A4BB43C70}.Debug|Any CPU.ActiveCfg = Debug|Any CPU
		{9EACCAD9-FE36-49A2-990D-5A8A4BB43C70}.Debug|Any CPU.Build.0 = Debug|Any CPU
		{9EACCAD9-FE36-49A2-990D-5A8A4BB43C70}.Release|Any CPU.ActiveCfg = Release|Any CPU
		{9EACCAD9-FE36-49A2-990D-5A8A4BB43C70}.Release|Any CPU.Build.0 = Release|Any CPU
		{F2ED4763-5A7C-41FC-B6FC-975997C7B9A3}.Debug|Any CPU.ActiveCfg = Debug|Any CPU
		{F2ED4763-5A7C-41FC-B6FC-975997C7B9A3}.Debug|Any CPU.Build.0 = Debug|Any CPU
		{F2ED4763-5A7C-41FC-B6FC-975997C7B9A3}.Release|Any CPU.ActiveCfg = Release|Any CPU
		{F2ED4763-5A7C-41FC-B6FC-975997C7B9A3}.Release|Any CPU.Build.0 = Release|Any CPU
		{62BFBFA5-15B6-4883-A9CB-F75FCB8E88D4}.Debug|Any CPU.ActiveCfg = Debug|Any CPU
		{62BFBFA5-15B6-4883-A9CB-F75FCB8E88D4}.Debug|Any CPU.Build.0 = Debug|Any CPU
		{62BFBFA5-15B6-4883-A9CB-F75FCB8E88D4}.Release|Any CPU.ActiveCfg = Release|Any CPU
		{62BFBFA5-15B6-4883-A9CB-F75FCB8E88D4}.Release|Any CPU.Build.0 = Release|Any CPU
		{BE5A26DB-E4D3-4CF0-9001-9060FB6E8FEE}.Debug|Any CPU.ActiveCfg = Debug|Any CPU
		{BE5A26DB-E4D3-4CF0-9001-9060FB6E8FEE}.Debug|Any CPU.Build.0 = Debug|Any CPU
		{BE5A26DB-E4D3-4CF0-9001-9060FB6E8FEE}.Release|Any CPU.ActiveCfg = Release|Any CPU
		{BE5A26DB-E4D3-4CF0-9001-9060FB6E8FEE}.Release|Any CPU.Build.0 = Release|Any CPU
		{0930AACF-A173-4C15-869D-B53927A8EA33}.Debug|Any CPU.ActiveCfg = Debug|Any CPU
		{0930AACF-A173-4C15-869D-B53927A8EA33}.Debug|Any CPU.Build.0 = Debug|Any CPU
		{0930AACF-A173-4C15-869D-B53927A8EA33}.Release|Any CPU.ActiveCfg = Release|Any CPU
		{0930AACF-A173-4C15-869D-B53927A8EA33}.Release|Any CPU.Build.0 = Release|Any CPU
		{A324D7A2-5B55-4672-9ED0-113142B76AC7}.Debug|Any CPU.ActiveCfg = Debug|Any CPU
		{A324D7A2-5B55-4672-9ED0-113142B76AC7}.Debug|Any CPU.Build.0 = Debug|Any CPU
		{A324D7A2-5B55-4672-9ED0-113142B76AC7}.Release|Any CPU.ActiveCfg = Release|Any CPU
		{A324D7A2-5B55-4672-9ED0-113142B76AC7}.Release|Any CPU.Build.0 = Release|Any CPU
		{A0D470E8-68EB-456E-94A2-E50733D17E48}.Debug|Any CPU.ActiveCfg = Debug|Any CPU
		{A0D470E8-68EB-456E-94A2-E50733D17E48}.Debug|Any CPU.Build.0 = Debug|Any CPU
		{A0D470E8-68EB-456E-94A2-E50733D17E48}.Release|Any CPU.ActiveCfg = Release|Any CPU
		{A0D470E8-68EB-456E-94A2-E50733D17E48}.Release|Any CPU.Build.0 = Release|Any CPU
		{A80C204D-0AFF-4226-8EC3-726266AC47A7}.Debug|Any CPU.ActiveCfg = Debug|Any CPU
		{A80C204D-0AFF-4226-8EC3-726266AC47A7}.Debug|Any CPU.Build.0 = Debug|Any CPU
		{A80C204D-0AFF-4226-8EC3-726266AC47A7}.Release|Any CPU.ActiveCfg = Release|Any CPU
		{A80C204D-0AFF-4226-8EC3-726266AC47A7}.Release|Any CPU.Build.0 = Release|Any CPU
		{FA305B0A-7A2F-4BC7-8C25-336894AC0E53}.Debug|Any CPU.ActiveCfg = Debug|Any CPU
		{FA305B0A-7A2F-4BC7-8C25-336894AC0E53}.Debug|Any CPU.Build.0 = Debug|Any CPU
		{FA305B0A-7A2F-4BC7-8C25-336894AC0E53}.Release|Any CPU.ActiveCfg = Release|Any CPU
		{FA305B0A-7A2F-4BC7-8C25-336894AC0E53}.Release|Any CPU.Build.0 = Release|Any CPU
		{24956024-A260-44E2-A2CF-66E8ADBE733E}.Debug|Any CPU.ActiveCfg = Debug|Any CPU
		{24956024-A260-44E2-A2CF-66E8ADBE733E}.Debug|Any CPU.Build.0 = Debug|Any CPU
		{24956024-A260-44E2-A2CF-66E8ADBE733E}.Release|Any CPU.ActiveCfg = Release|Any CPU
		{24956024-A260-44E2-A2CF-66E8ADBE733E}.Release|Any CPU.Build.0 = Release|Any CPU
		{6FF943F1-53B0-4ACA-863B-F8CC325490E9}.Debug|Any CPU.ActiveCfg = Debug|Any CPU
		{6FF943F1-53B0-4ACA-863B-F8CC325490E9}.Debug|Any CPU.Build.0 = Debug|Any CPU
		{6FF943F1-53B0-4ACA-863B-F8CC325490E9}.Release|Any CPU.ActiveCfg = Release|Any CPU
		{6FF943F1-53B0-4ACA-863B-F8CC325490E9}.Release|Any CPU.Build.0 = Release|Any CPU
	EndGlobalSection
	GlobalSection(SolutionProperties) = preSolution
		HideSolutionNode = FALSE
	EndGlobalSection
	GlobalSection(ExtensibilityGlobals) = postSolution
		SolutionGuid = {D58282D7-7C4F-4158-ADF5-3250FC8322CE}
	EndGlobalSection
EndGlobal
