
Microsoft Visual Studio Solution File, Format Version 12.00
# Visual Studio Version 16
VisualStudioVersion = 16.0.29728.190
MinimumVisualStudioVersion = 10.0.40219.1
Project("{9A19103F-16F7-4668-BE54-9A1E7A4F7556}") = "01. Greeting by Name", "01. Greeting by Name\01. Greeting by Name.csproj", "{BBCB714E-89DD-4AE1-8FAA-587C79199B09}"
EndProject
Project("{FAE04EC0-301F-11D3-BF4B-00C04F79EFBC}") = "02. Concatenate Data", "02. Concatenate Data\02. Concatenate Data.csproj", "{919AD5FA-26F1-47CC-BBBD-775B437B285A}"
EndProject
Project("{FAE04EC0-301F-11D3-BF4B-00C04F79EFBC}") = "03. Square Area", "03. Square Area\03. Square Area.csproj", "{EEE5CD80-B06C-4B30-AFBA-6DB8CDED3B2F}"
EndProject
Project("{FAE04EC0-301F-11D3-BF4B-00C04F79EFBC}") = "04. Inches to Centimeters", "04. Inches to Centimeters\04. Inches to Centimeters.csproj", "{E3F0232F-95D9-4C0D-9ECF-FABF479FCA9A}"
EndProject
Project("{FAE04EC0-301F-11D3-BF4B-00C04F79EFBC}") = "05. Projects Creation", "05. Projects Creation\05. Projects Creation.csproj", "{E3C1DEF6-8D08-403D-9BDF-D01917D0D79F}"
EndProject
Project("{FAE04EC0-301F-11D3-BF4B-00C04F79EFBC}") = "06. Pet Shop", "06. Pet Shop\06. Pet Shop.csproj", "{2B5C3264-B520-4074-9668-9536DA7A90DC}"
EndProject
Project("{FAE04EC0-301F-11D3-BF4B-00C04F79EFBC}") = "07. Yard Greening", "07. Yard Greening\07. Yard Greening.csproj", "{23FBAD0E-6B51-4FD8-A7B8-4225CC7E445D}"
EndProject
Project("{FAE04EC0-301F-11D3-BF4B-00C04F79EFBC}") = "08. Fish Tank", "08. Fish Tank\08. Fish Tank.csproj", "{4BC9E958-97EA-4B84-884F-F93D2BC34DA0}"
EndProject
Global
	GlobalSection(SolutionConfigurationPlatforms) = preSolution
		Debug|Any CPU = Debug|Any CPU
		Release|Any CPU = Release|Any CPU
	EndGlobalSection
	GlobalSection(ProjectConfigurationPlatforms) = postSolution
		{BBCB714E-89DD-4AE1-8FAA-587C79199B09}.Debug|Any CPU.ActiveCfg = Debug|Any CPU
		{BBCB714E-89DD-4AE1-8FAA-587C79199B09}.Debug|Any CPU.Build.0 = Debug|Any CPU
		{BBCB714E-89DD-4AE1-8FAA-587C79199B09}.Release|Any CPU.ActiveCfg = Release|Any CPU
		{BBCB714E-89DD-4AE1-8FAA-587C79199B09}.Release|Any CPU.Build.0 = Release|Any CPU
		{919AD5FA-26F1-47CC-BBBD-775B437B285A}.Debug|Any CPU.ActiveCfg = Debug|Any CPU
		{919AD5FA-26F1-47CC-BBBD-775B437B285A}.Debug|Any CPU.Build.0 = Debug|Any CPU
		{919AD5FA-26F1-47CC-BBBD-775B437B285A}.Release|Any CPU.ActiveCfg = Release|Any CPU
		{919AD5FA-26F1-47CC-BBBD-775B437B285A}.Release|Any CPU.Build.0 = Release|Any CPU
		{EEE5CD80-B06C-4B30-AFBA-6DB8CDED3B2F}.Debug|Any CPU.ActiveCfg = Debug|Any CPU
		{EEE5CD80-B06C-4B30-AFBA-6DB8CDED3B2F}.Debug|Any CPU.Build.0 = Debug|Any CPU
		{EEE5CD80-B06C-4B30-AFBA-6DB8CDED3B2F}.Release|Any CPU.ActiveCfg = Release|Any CPU
		{EEE5CD80-B06C-4B30-AFBA-6DB8CDED3B2F}.Release|Any CPU.Build.0 = Release|Any CPU
		{E3F0232F-95D9-4C0D-9ECF-FABF479FCA9A}.Debug|Any CPU.ActiveCfg = Debug|Any CPU
		{E3F0232F-95D9-4C0D-9ECF-FABF479FCA9A}.Debug|Any CPU.Build.0 = Debug|Any CPU
		{E3F0232F-95D9-4C0D-9ECF-FABF479FCA9A}.Release|Any CPU.ActiveCfg = Release|Any CPU
		{E3F0232F-95D9-4C0D-9ECF-FABF479FCA9A}.Release|Any CPU.Build.0 = Release|Any CPU
		{E3C1DEF6-8D08-403D-9BDF-D01917D0D79F}.Debug|Any CPU.ActiveCfg = Debug|Any CPU
		{E3C1DEF6-8D08-403D-9BDF-D01917D0D79F}.Debug|Any CPU.Build.0 = Debug|Any CPU
		{E3C1DEF6-8D08-403D-9BDF-D01917D0D79F}.Release|Any CPU.ActiveCfg = Release|Any CPU
		{E3C1DEF6-8D08-403D-9BDF-D01917D0D79F}.Release|Any CPU.Build.0 = Release|Any CPU
		{2B5C3264-B520-4074-9668-9536DA7A90DC}.Debug|Any CPU.ActiveCfg = Debug|Any CPU
		{2B5C3264-B520-4074-9668-9536DA7A90DC}.Debug|Any CPU.Build.0 = Debug|Any CPU
		{2B5C3264-B520-4074-9668-9536DA7A90DC}.Release|Any CPU.ActiveCfg = Release|Any CPU
		{2B5C3264-B520-4074-9668-9536DA7A90DC}.Release|Any CPU.Build.0 = Release|Any CPU
		{23FBAD0E-6B51-4FD8-A7B8-4225CC7E445D}.Debug|Any CPU.ActiveCfg = Debug|Any CPU
		{23FBAD0E-6B51-4FD8-A7B8-4225CC7E445D}.Debug|Any CPU.Build.0 = Debug|Any CPU
		{23FBAD0E-6B51-4FD8-A7B8-4225CC7E445D}.Release|Any CPU.ActiveCfg = Release|Any CPU
		{23FBAD0E-6B51-4FD8-A7B8-4225CC7E445D}.Release|Any CPU.Build.0 = Release|Any CPU
		{4BC9E958-97EA-4B84-884F-F93D2BC34DA0}.Debug|Any CPU.ActiveCfg = Debug|Any CPU
		{4BC9E958-97EA-4B84-884F-F93D2BC34DA0}.Debug|Any CPU.Build.0 = Debug|Any CPU
		{4BC9E958-97EA-4B84-884F-F93D2BC34DA0}.Release|Any CPU.ActiveCfg = Release|Any CPU
		{4BC9E958-97EA-4B84-884F-F93D2BC34DA0}.Release|Any CPU.Build.0 = Release|Any CPU
	EndGlobalSection
	GlobalSection(SolutionProperties) = preSolution
		HideSolutionNode = FALSE
	EndGlobalSection
	GlobalSection(ExtensibilityGlobals) = postSolution
		SolutionGuid = {B26BE3D0-9527-47CB-BF83-F9A591DF2B68}
	EndGlobalSection
EndGlobal
